// !$*UTF8*$!
{
	archiveVersion = 1;
	classes = {
	};
	objectVersion = 51;
	objects = {

/* Begin PBXBuildFile section */
		2E07D20C25588E700029FB36 /* NotesCollectionViewCell.swift in Sources */ = {isa = PBXBuildFile; fileRef = 2E07D20A25588E700029FB36 /* NotesCollectionViewCell.swift */; };
		2E07D20D25588E700029FB36 /* NotesCollectionViewCell.xib in Resources */ = {isa = PBXBuildFile; fileRef = 2E07D20B25588E700029FB36 /* NotesCollectionViewCell.xib */; };
		2E0FFB45254D13190020D9DC /* GoogleService-Info.plist in Resources */ = {isa = PBXBuildFile; fileRef = 2E0FFB44254D13190020D9DC /* GoogleService-Info.plist */; };
		2E0FFBC3254D9D6D0020D9DC /* SignupViewController.storyboard in Resources */ = {isa = PBXBuildFile; fileRef = 2E0FFB98254D9B050020D9DC /* SignupViewController.storyboard */; };
		2E0FFBC5254D9D720020D9DC /* SignupViewController.swift in Sources */ = {isa = PBXBuildFile; fileRef = 2E4A3EA62208D37500988116 /* SignupViewController.swift */; };
		2E0FFC42254DB5800020D9DC /* BarcodeScannerController.swift in Sources */ = {isa = PBXBuildFile; fileRef = 2E0FFC41254DB5800020D9DC /* BarcodeScannerController.swift */; };
		2E0FFC47254DB8B50020D9DC /* BarcodeScannerViewController.swift in Sources */ = {isa = PBXBuildFile; fileRef = 2E0FFC45254DB8B50020D9DC /* BarcodeScannerViewController.swift */; };
		2E0FFC48254DB8B50020D9DC /* BarcodeScannerViewController.xib in Resources */ = {isa = PBXBuildFile; fileRef = 2E0FFC46254DB8B50020D9DC /* BarcodeScannerViewController.xib */; };
		2E0FFC5E254DBD860020D9DC /* VideoSessionController.swift in Sources */ = {isa = PBXBuildFile; fileRef = 2E0FFC5D254DBD860020D9DC /* VideoSessionController.swift */; };
		2E0FFCFC254DCDE60020D9DC /* ProductViewController.swift in Sources */ = {isa = PBXBuildFile; fileRef = 2E0FFCFB254DCDE60020D9DC /* ProductViewController.swift */; };
		2E0FFD00254DCE060020D9DC /* ProductViewController.storyboard in Resources */ = {isa = PBXBuildFile; fileRef = 2E0FFCFF254DCE060020D9DC /* ProductViewController.storyboard */; };
		2E0FFD05254DCFD90020D9DC /* ProductCollectionViewCell.swift in Sources */ = {isa = PBXBuildFile; fileRef = 2E0FFD03254DCFD90020D9DC /* ProductCollectionViewCell.swift */; };
		2E0FFD06254DCFD90020D9DC /* ProductCollectionViewCell.xib in Resources */ = {isa = PBXBuildFile; fileRef = 2E0FFD04254DCFD90020D9DC /* ProductCollectionViewCell.xib */; };
		2E0FFD3B254DDD260020D9DC /* SearchProductViewController.swift in Sources */ = {isa = PBXBuildFile; fileRef = 2E984787221D575800204A42 /* SearchProductViewController.swift */; };
		2E110A832550F203001ADACD /* CompletedCollectionViewCell.swift in Sources */ = {isa = PBXBuildFile; fileRef = 2E110A812550F203001ADACD /* CompletedCollectionViewCell.swift */; };
		2E110A842550F203001ADACD /* CompletedCollectionViewCell.xib in Resources */ = {isa = PBXBuildFile; fileRef = 2E110A822550F203001ADACD /* CompletedCollectionViewCell.xib */; };
		2E3C8F6D25CA6CDD00474A30 /* Result+Combine.swift in Sources */ = {isa = PBXBuildFile; fileRef = 2E3C8F6C25CA6CDD00474A30 /* Result+Combine.swift */; };
		2E3C8F7125CA6E8A00474A30 /* HeaderCollectionReusableView.swift in Sources */ = {isa = PBXBuildFile; fileRef = 2E3C8F6F25CA6E8A00474A30 /* HeaderCollectionReusableView.swift */; };
		2E3C8F7225CA6E8A00474A30 /* HeaderCollectionReusableView.xib in Resources */ = {isa = PBXBuildFile; fileRef = 2E3C8F7025CA6E8A00474A30 /* HeaderCollectionReusableView.xib */; };
		2E3C8F7525CA76AF00474A30 /* UIView+Shadow.swift in Sources */ = {isa = PBXBuildFile; fileRef = 2E3C8F7425CA76AE00474A30 /* UIView+Shadow.swift */; };
		2E4A3E932208D2C800988116 /* AppDelegate.swift in Sources */ = {isa = PBXBuildFile; fileRef = 2E4A3E922208D2C800988116 /* AppDelegate.swift */; };
		2E4A3E9A2208D2CB00988116 /* Assets.xcassets in Resources */ = {isa = PBXBuildFile; fileRef = 2E4A3E992208D2CB00988116 /* Assets.xcassets */; };
		2E4A3E9D2208D2CB00988116 /* LaunchScreen.storyboard in Resources */ = {isa = PBXBuildFile; fileRef = 2E4A3E9B2208D2CB00988116 /* LaunchScreen.storyboard */; };
		2E4A8231258DA12D0031F30E /* EditProductViewController.storyboard in Resources */ = {isa = PBXBuildFile; fileRef = 2E4A8230258DA12D0031F30E /* EditProductViewController.storyboard */; };
		2E4A8238258DA8F40031F30E /* EditProductViewController.swift in Sources */ = {isa = PBXBuildFile; fileRef = 2E4A822D258DA11D0031F30E /* EditProductViewController.swift */; };
		2E6E31AF25B28D3A00857E5C /* SearchTableViewCell.swift in Sources */ = {isa = PBXBuildFile; fileRef = 2E6E31AE25B28D3A00857E5C /* SearchTableViewCell.swift */; };
		2E6E31B425B3A0FE00857E5C /* StoreCollectionViewCell.swift in Sources */ = {isa = PBXBuildFile; fileRef = 2E6E31B225B3A0FE00857E5C /* StoreCollectionViewCell.swift */; };
		2E6E31B525B3A0FE00857E5C /* StoreCollectionViewCell.xib in Resources */ = {isa = PBXBuildFile; fileRef = 2E6E31B325B3A0FE00857E5C /* StoreCollectionViewCell.xib */; };
		2E6E31BB25B3CC8300857E5C /* OnboardingViewController.xib in Resources */ = {isa = PBXBuildFile; fileRef = 2E6E31B925B3CC8300857E5C /* OnboardingViewController.xib */; };
		2E6E31BC25B3CC8300857E5C /* OnboardingViewController.swift in Sources */ = {isa = PBXBuildFile; fileRef = 2E6E31BA25B3CC8300857E5C /* OnboardingViewController.swift */; };
		2E6E31BF25B3E37B00857E5C /* NotificationName+String.swift in Sources */ = {isa = PBXBuildFile; fileRef = 2E6E31BE25B3E37B00857E5C /* NotificationName+String.swift */; };
		2E997F94221B0E1600730ED7 /* HairProductApiClient.swift in Sources */ = {isa = PBXBuildFile; fileRef = 2E997F93221B0E1600730ED7 /* HairProductApiClient.swift */; };
		2E997F96221B0E2800730ED7 /* NetworkHelper.swift in Sources */ = {isa = PBXBuildFile; fileRef = 2E997F95221B0E2800730ED7 /* NetworkHelper.swift */; };
		2E997F98221B0E4700730ED7 /* Extension+Alerts.swift in Sources */ = {isa = PBXBuildFile; fileRef = 2E997F97221B0E4700730ED7 /* Extension+Alerts.swift */; };
		2E997F9A221B0FCF00730ED7 /* AppError.swift in Sources */ = {isa = PBXBuildFile; fileRef = 2E997F99221B0FCF00730ED7 /* AppError.swift */; };
		2E997F9E221B18AA00730ED7 /* HairProductModel.swift in Sources */ = {isa = PBXBuildFile; fileRef = 2E997F9D221B18AA00730ED7 /* HairProductModel.swift */; };
		2EA365B1220A598D00FFDC5E /* PerfectlyCraftedTabBarViewController.swift in Sources */ = {isa = PBXBuildFile; fileRef = 2EA365B0220A598D00FFDC5E /* PerfectlyCraftedTabBarViewController.swift */; };
		2EA365BB220A760800FFDC5E /* UserSession.swift in Sources */ = {isa = PBXBuildFile; fileRef = 2EA365BA220A760800FFDC5E /* UserSession.swift */; };
		2EAD2CF325AF3EDE00C71DAB /* ProductInfoDraft.swift in Sources */ = {isa = PBXBuildFile; fileRef = 2EAD2CF225AF3EDE00C71DAB /* ProductInfoDraft.swift */; };
		2EAD2CFA25AFA81900C71DAB /* UploadBarcodeViewController.swift in Sources */ = {isa = PBXBuildFile; fileRef = 2EAD2CF925AFA81900C71DAB /* UploadBarcodeViewController.swift */; };
		2EAD2CFD25AFA83400C71DAB /* UploadBarcodeViewController.storyboard in Resources */ = {isa = PBXBuildFile; fileRef = 2EAD2CFC25AFA83400C71DAB /* UploadBarcodeViewController.storyboard */; };
		2EAD2D0225B0963900C71DAB /* HairProduct.swift in Sources */ = {isa = PBXBuildFile; fileRef = 2EAD2D0125B0963900C71DAB /* HairProduct.swift */; };
		2EAD2D0525B0967B00C71DAB /* ItemResponse.swift in Sources */ = {isa = PBXBuildFile; fileRef = 2EAD2D0425B0967B00C71DAB /* ItemResponse.swift */; };
		2EAD2D0825B0969400C71DAB /* Store.swift in Sources */ = {isa = PBXBuildFile; fileRef = 2EAD2D0725B0969400C71DAB /* Store.swift */; };
		2EAD2D0B25B096EE00C71DAB /* ItemAttributes.swift in Sources */ = {isa = PBXBuildFile; fileRef = 2EAD2D0A25B096EE00C71DAB /* ItemAttributes.swift */; };
		2EAE6836254DE36300BE0E1E /* SearchProductViewController.storyboard in Resources */ = {isa = PBXBuildFile; fileRef = 2E0FFD0D254DDBF10020D9DC /* SearchProductViewController.storyboard */; };
		2EAE6839254E5F7200BE0E1E /* ProductDetailViewController.swift in Sources */ = {isa = PBXBuildFile; fileRef = 2EAE6838254E5F7200BE0E1E /* ProductDetailViewController.swift */; };
		2EAE683C254E5F7E00BE0E1E /* ProductDetailViewController.storyboard in Resources */ = {isa = PBXBuildFile; fileRef = 2EAE683B254E5F7E00BE0E1E /* ProductDetailViewController.storyboard */; };
		2EAE6841254F04AF00BE0E1E /* ProductManager.swift in Sources */ = {isa = PBXBuildFile; fileRef = 2EAE6840254F04AF00BE0E1E /* ProductManager.swift */; };
		2EAE684A254F389600BE0E1E /* CategorySectionHeaderCollectionReusableView.swift in Sources */ = {isa = PBXBuildFile; fileRef = 2EAE6848254F389600BE0E1E /* CategorySectionHeaderCollectionReusableView.swift */; };
		2EAE684B254F389600BE0E1E /* CategorySectionHeaderCollectionReusableView.xib in Resources */ = {isa = PBXBuildFile; fileRef = 2EAE6849254F389600BE0E1E /* CategorySectionHeaderCollectionReusableView.xib */; };
		2EAE684F254F732D00BE0E1E /* AboutProductCollectionViewCell.swift in Sources */ = {isa = PBXBuildFile; fileRef = 2EAE684D254F732D00BE0E1E /* AboutProductCollectionViewCell.swift */; };
		2EAE6850254F732D00BE0E1E /* AboutProductCollectionViewCell.xib in Resources */ = {isa = PBXBuildFile; fileRef = 2EAE684E254F732D00BE0E1E /* AboutProductCollectionViewCell.xib */; };
		2EAE6854254F7AB400BE0E1E /* NSCoding+Nib.swift in Sources */ = {isa = PBXBuildFile; fileRef = 2EAE6853254F7AB400BE0E1E /* NSCoding+Nib.swift */; };
		2EAE6859254F86FE00BE0E1E /* AdditionalCollectionReusableView.swift in Sources */ = {isa = PBXBuildFile; fileRef = 2EAE6857254F86FE00BE0E1E /* AdditionalCollectionReusableView.swift */; };
		2EAE685A254F86FE00BE0E1E /* AdditionalCollectionReusableView.xib in Resources */ = {isa = PBXBuildFile; fileRef = 2EAE6858254F86FE00BE0E1E /* AdditionalCollectionReusableView.xib */; };
		2EAF205625EC95A700E8049F /* AddProductView.swift in Sources */ = {isa = PBXBuildFile; fileRef = 2EAF205525EC95A700E8049F /* AddProductView.swift */; };
		2EAF205925EC962B00E8049F /* PhotoPicker.swift in Sources */ = {isa = PBXBuildFile; fileRef = 2EAF205825EC962B00E8049F /* PhotoPicker.swift */; };
		2EAF931125854B4300D28BAC /* UIView+IBInspectable.swift in Sources */ = {isa = PBXBuildFile; fileRef = 2EAF931025854B4300D28BAC /* UIView+IBInspectable.swift */; };
		2EAF931C2585556900D28BAC /* UINavigationBar+Appearance.swift in Sources */ = {isa = PBXBuildFile; fileRef = 2EAF931B2585556900D28BAC /* UINavigationBar+Appearance.swift */; };
		2EB2A1A52227077800525BD4 /* FirebaseCollectionKeys.swift in Sources */ = {isa = PBXBuildFile; fileRef = 2EB2A1A42227077800525BD4 /* FirebaseCollectionKeys.swift */; };
		2EEC71C825B14EEE009676C1 /* UserModel.swift in Sources */ = {isa = PBXBuildFile; fileRef = 2EEC71C725B14EEE009676C1 /* UserModel.swift */; };
		2EED896D2229993700ADDEBD /* ProductModel.swift in Sources */ = {isa = PBXBuildFile; fileRef = 2EED896C2229993700ADDEBD /* ProductModel.swift */; };
		2EF31070256F1BF90021EB58 /* AccountCreationValidator.swift in Sources */ = {isa = PBXBuildFile; fileRef = 2EF3106F256F1BF90021EB58 /* AccountCreationValidator.swift */; };
		2EFE45EF25B22E9E006CD38E /* UIColor+AppColors.swift in Sources */ = {isa = PBXBuildFile; fileRef = 2EFE45EE25B22E9E006CD38E /* UIColor+AppColors.swift */; };
		5B5ED21B23538100000227D1 /* Feeds.storyboard in Resources */ = {isa = PBXBuildFile; fileRef = 5B5ED21A23538100000227D1 /* Feeds.storyboard */; };
		F3709142F2C67491C11FEC18 /* Pods_PerfectlyCreated.framework in Frameworks */ = {isa = PBXBuildFile; fileRef = 518532F306766C8E73C66795 /* Pods_PerfectlyCreated.framework */; };
/* End PBXBuildFile section */

/* Begin PBXFileReference section */
		2E07D20A25588E700029FB36 /* NotesCollectionViewCell.swift */ = {isa = PBXFileReference; lastKnownFileType = sourcecode.swift; path = NotesCollectionViewCell.swift; sourceTree = "<group>"; };
		2E07D20B25588E700029FB36 /* NotesCollectionViewCell.xib */ = {isa = PBXFileReference; lastKnownFileType = file.xib; path = NotesCollectionViewCell.xib; sourceTree = "<group>"; };
		2E0FFB44254D13190020D9DC /* GoogleService-Info.plist */ = {isa = PBXFileReference; fileEncoding = 4; lastKnownFileType = text.plist.xml; path = "GoogleService-Info.plist"; sourceTree = "<group>"; };
		2E0FFB98254D9B050020D9DC /* SignupViewController.storyboard */ = {isa = PBXFileReference; lastKnownFileType = file.storyboard; path = SignupViewController.storyboard; sourceTree = "<group>"; };
		2E0FFC41254DB5800020D9DC /* BarcodeScannerController.swift */ = {isa = PBXFileReference; lastKnownFileType = sourcecode.swift; path = BarcodeScannerController.swift; sourceTree = "<group>"; };
		2E0FFC45254DB8B50020D9DC /* BarcodeScannerViewController.swift */ = {isa = PBXFileReference; lastKnownFileType = sourcecode.swift; path = BarcodeScannerViewController.swift; sourceTree = "<group>"; };
		2E0FFC46254DB8B50020D9DC /* BarcodeScannerViewController.xib */ = {isa = PBXFileReference; lastKnownFileType = file.xib; path = BarcodeScannerViewController.xib; sourceTree = "<group>"; };
		2E0FFC5D254DBD860020D9DC /* VideoSessionController.swift */ = {isa = PBXFileReference; lastKnownFileType = sourcecode.swift; path = VideoSessionController.swift; sourceTree = "<group>"; };
		2E0FFCFB254DCDE60020D9DC /* ProductViewController.swift */ = {isa = PBXFileReference; lastKnownFileType = sourcecode.swift; path = ProductViewController.swift; sourceTree = "<group>"; };
		2E0FFCFF254DCE060020D9DC /* ProductViewController.storyboard */ = {isa = PBXFileReference; lastKnownFileType = file.storyboard; path = ProductViewController.storyboard; sourceTree = "<group>"; };
		2E0FFD03254DCFD90020D9DC /* ProductCollectionViewCell.swift */ = {isa = PBXFileReference; lastKnownFileType = sourcecode.swift; path = ProductCollectionViewCell.swift; sourceTree = "<group>"; };
		2E0FFD04254DCFD90020D9DC /* ProductCollectionViewCell.xib */ = {isa = PBXFileReference; lastKnownFileType = file.xib; path = ProductCollectionViewCell.xib; sourceTree = "<group>"; };
		2E0FFD0D254DDBF10020D9DC /* SearchProductViewController.storyboard */ = {isa = PBXFileReference; lastKnownFileType = file.storyboard; path = SearchProductViewController.storyboard; sourceTree = "<group>"; };
		2E110A812550F203001ADACD /* CompletedCollectionViewCell.swift */ = {isa = PBXFileReference; lastKnownFileType = sourcecode.swift; path = CompletedCollectionViewCell.swift; sourceTree = "<group>"; };
		2E110A822550F203001ADACD /* CompletedCollectionViewCell.xib */ = {isa = PBXFileReference; lastKnownFileType = file.xib; path = CompletedCollectionViewCell.xib; sourceTree = "<group>"; };
		2E3C8F6C25CA6CDD00474A30 /* Result+Combine.swift */ = {isa = PBXFileReference; lastKnownFileType = sourcecode.swift; path = "Result+Combine.swift"; sourceTree = "<group>"; };
		2E3C8F6F25CA6E8A00474A30 /* HeaderCollectionReusableView.swift */ = {isa = PBXFileReference; lastKnownFileType = sourcecode.swift; path = HeaderCollectionReusableView.swift; sourceTree = "<group>"; };
		2E3C8F7025CA6E8A00474A30 /* HeaderCollectionReusableView.xib */ = {isa = PBXFileReference; lastKnownFileType = file.xib; path = HeaderCollectionReusableView.xib; sourceTree = "<group>"; };
		2E3C8F7425CA76AE00474A30 /* UIView+Shadow.swift */ = {isa = PBXFileReference; lastKnownFileType = sourcecode.swift; path = "UIView+Shadow.swift"; sourceTree = "<group>"; };
		2E4A3E8F2208D2C800988116 /* PerfectlyCreated.app */ = {isa = PBXFileReference; explicitFileType = wrapper.application; includeInIndex = 0; path = PerfectlyCreated.app; sourceTree = BUILT_PRODUCTS_DIR; };
		2E4A3E922208D2C800988116 /* AppDelegate.swift */ = {isa = PBXFileReference; lastKnownFileType = sourcecode.swift; path = AppDelegate.swift; sourceTree = "<group>"; };
		2E4A3E992208D2CB00988116 /* Assets.xcassets */ = {isa = PBXFileReference; lastKnownFileType = folder.assetcatalog; path = Assets.xcassets; sourceTree = "<group>"; };
		2E4A3E9C2208D2CB00988116 /* Base */ = {isa = PBXFileReference; lastKnownFileType = file.storyboard; name = Base; path = Base.lproj/LaunchScreen.storyboard; sourceTree = "<group>"; };
		2E4A3E9E2208D2CB00988116 /* Info.plist */ = {isa = PBXFileReference; lastKnownFileType = text.plist.xml; path = Info.plist; sourceTree = "<group>"; };
		2E4A3EA62208D37500988116 /* SignupViewController.swift */ = {isa = PBXFileReference; lastKnownFileType = sourcecode.swift; path = SignupViewController.swift; sourceTree = "<group>"; };
		2E4A822D258DA11D0031F30E /* EditProductViewController.swift */ = {isa = PBXFileReference; lastKnownFileType = sourcecode.swift; path = EditProductViewController.swift; sourceTree = "<group>"; };
		2E4A8230258DA12D0031F30E /* EditProductViewController.storyboard */ = {isa = PBXFileReference; lastKnownFileType = file.storyboard; path = EditProductViewController.storyboard; sourceTree = "<group>"; };
		2E6E31AE25B28D3A00857E5C /* SearchTableViewCell.swift */ = {isa = PBXFileReference; fileEncoding = 4; lastKnownFileType = sourcecode.swift; path = SearchTableViewCell.swift; sourceTree = "<group>"; };
		2E6E31B225B3A0FE00857E5C /* StoreCollectionViewCell.swift */ = {isa = PBXFileReference; lastKnownFileType = sourcecode.swift; path = StoreCollectionViewCell.swift; sourceTree = "<group>"; };
		2E6E31B325B3A0FE00857E5C /* StoreCollectionViewCell.xib */ = {isa = PBXFileReference; lastKnownFileType = file.xib; path = StoreCollectionViewCell.xib; sourceTree = "<group>"; };
		2E6E31B925B3CC8300857E5C /* OnboardingViewController.xib */ = {isa = PBXFileReference; fileEncoding = 4; lastKnownFileType = file.xib; path = OnboardingViewController.xib; sourceTree = "<group>"; };
		2E6E31BA25B3CC8300857E5C /* OnboardingViewController.swift */ = {isa = PBXFileReference; fileEncoding = 4; lastKnownFileType = sourcecode.swift; path = OnboardingViewController.swift; sourceTree = "<group>"; };
		2E6E31BE25B3E37B00857E5C /* NotificationName+String.swift */ = {isa = PBXFileReference; lastKnownFileType = sourcecode.swift; path = "NotificationName+String.swift"; sourceTree = "<group>"; };
		2E984787221D575800204A42 /* SearchProductViewController.swift */ = {isa = PBXFileReference; lastKnownFileType = sourcecode.swift; path = SearchProductViewController.swift; sourceTree = "<group>"; };
		2E997F93221B0E1600730ED7 /* HairProductApiClient.swift */ = {isa = PBXFileReference; lastKnownFileType = sourcecode.swift; path = HairProductApiClient.swift; sourceTree = "<group>"; };
		2E997F95221B0E2800730ED7 /* NetworkHelper.swift */ = {isa = PBXFileReference; lastKnownFileType = sourcecode.swift; path = NetworkHelper.swift; sourceTree = "<group>"; };
		2E997F97221B0E4700730ED7 /* Extension+Alerts.swift */ = {isa = PBXFileReference; lastKnownFileType = sourcecode.swift; path = "Extension+Alerts.swift"; sourceTree = "<group>"; };
		2E997F99221B0FCF00730ED7 /* AppError.swift */ = {isa = PBXFileReference; lastKnownFileType = sourcecode.swift; path = AppError.swift; sourceTree = "<group>"; };
		2E997F9D221B18AA00730ED7 /* HairProductModel.swift */ = {isa = PBXFileReference; lastKnownFileType = sourcecode.swift; path = HairProductModel.swift; sourceTree = "<group>"; };
		2EA365B0220A598D00FFDC5E /* PerfectlyCraftedTabBarViewController.swift */ = {isa = PBXFileReference; lastKnownFileType = sourcecode.swift; path = PerfectlyCraftedTabBarViewController.swift; sourceTree = "<group>"; };
		2EA365BA220A760800FFDC5E /* UserSession.swift */ = {isa = PBXFileReference; lastKnownFileType = sourcecode.swift; path = UserSession.swift; sourceTree = "<group>"; };
		2EAD2CF225AF3EDE00C71DAB /* ProductInfoDraft.swift */ = {isa = PBXFileReference; lastKnownFileType = sourcecode.swift; path = ProductInfoDraft.swift; sourceTree = "<group>"; };
		2EAD2CF925AFA81900C71DAB /* UploadBarcodeViewController.swift */ = {isa = PBXFileReference; lastKnownFileType = sourcecode.swift; path = UploadBarcodeViewController.swift; sourceTree = "<group>"; };
		2EAD2CFC25AFA83400C71DAB /* UploadBarcodeViewController.storyboard */ = {isa = PBXFileReference; lastKnownFileType = file.storyboard; path = UploadBarcodeViewController.storyboard; sourceTree = "<group>"; };
		2EAD2D0125B0963900C71DAB /* HairProduct.swift */ = {isa = PBXFileReference; lastKnownFileType = sourcecode.swift; path = HairProduct.swift; sourceTree = "<group>"; };
		2EAD2D0425B0967B00C71DAB /* ItemResponse.swift */ = {isa = PBXFileReference; lastKnownFileType = sourcecode.swift; path = ItemResponse.swift; sourceTree = "<group>"; };
		2EAD2D0725B0969400C71DAB /* Store.swift */ = {isa = PBXFileReference; lastKnownFileType = sourcecode.swift; path = Store.swift; sourceTree = "<group>"; };
		2EAD2D0A25B096EE00C71DAB /* ItemAttributes.swift */ = {isa = PBXFileReference; lastKnownFileType = sourcecode.swift; path = ItemAttributes.swift; sourceTree = "<group>"; };
		2EAE6838254E5F7200BE0E1E /* ProductDetailViewController.swift */ = {isa = PBXFileReference; lastKnownFileType = sourcecode.swift; path = ProductDetailViewController.swift; sourceTree = "<group>"; };
		2EAE683B254E5F7E00BE0E1E /* ProductDetailViewController.storyboard */ = {isa = PBXFileReference; lastKnownFileType = file.storyboard; path = ProductDetailViewController.storyboard; sourceTree = "<group>"; };
		2EAE6840254F04AF00BE0E1E /* ProductManager.swift */ = {isa = PBXFileReference; lastKnownFileType = sourcecode.swift; path = ProductManager.swift; sourceTree = "<group>"; };
		2EAE6848254F389600BE0E1E /* CategorySectionHeaderCollectionReusableView.swift */ = {isa = PBXFileReference; lastKnownFileType = sourcecode.swift; path = CategorySectionHeaderCollectionReusableView.swift; sourceTree = "<group>"; };
		2EAE6849254F389600BE0E1E /* CategorySectionHeaderCollectionReusableView.xib */ = {isa = PBXFileReference; lastKnownFileType = file.xib; path = CategorySectionHeaderCollectionReusableView.xib; sourceTree = "<group>"; };
		2EAE684D254F732D00BE0E1E /* AboutProductCollectionViewCell.swift */ = {isa = PBXFileReference; lastKnownFileType = sourcecode.swift; path = AboutProductCollectionViewCell.swift; sourceTree = "<group>"; };
		2EAE684E254F732D00BE0E1E /* AboutProductCollectionViewCell.xib */ = {isa = PBXFileReference; lastKnownFileType = file.xib; path = AboutProductCollectionViewCell.xib; sourceTree = "<group>"; };
		2EAE6853254F7AB400BE0E1E /* NSCoding+Nib.swift */ = {isa = PBXFileReference; lastKnownFileType = sourcecode.swift; path = "NSCoding+Nib.swift"; sourceTree = "<group>"; };
		2EAE6857254F86FE00BE0E1E /* AdditionalCollectionReusableView.swift */ = {isa = PBXFileReference; lastKnownFileType = sourcecode.swift; path = AdditionalCollectionReusableView.swift; sourceTree = "<group>"; };
		2EAE6858254F86FE00BE0E1E /* AdditionalCollectionReusableView.xib */ = {isa = PBXFileReference; lastKnownFileType = file.xib; path = AdditionalCollectionReusableView.xib; sourceTree = "<group>"; };
		2EAF205525EC95A700E8049F /* AddProductView.swift */ = {isa = PBXFileReference; fileEncoding = 4; lastKnownFileType = sourcecode.swift; path = AddProductView.swift; sourceTree = "<group>"; };
		2EAF205825EC962B00E8049F /* PhotoPicker.swift */ = {isa = PBXFileReference; fileEncoding = 4; lastKnownFileType = sourcecode.swift; path = PhotoPicker.swift; sourceTree = "<group>"; };
		2EAF931025854B4300D28BAC /* UIView+IBInspectable.swift */ = {isa = PBXFileReference; lastKnownFileType = sourcecode.swift; path = "UIView+IBInspectable.swift"; sourceTree = "<group>"; };
		2EAF931B2585556900D28BAC /* UINavigationBar+Appearance.swift */ = {isa = PBXFileReference; fileEncoding = 4; lastKnownFileType = sourcecode.swift; path = "UINavigationBar+Appearance.swift"; sourceTree = "<group>"; };
		2EB2A1A42227077800525BD4 /* FirebaseCollectionKeys.swift */ = {isa = PBXFileReference; lastKnownFileType = sourcecode.swift; path = FirebaseCollectionKeys.swift; sourceTree = "<group>"; };
		2EEC71C725B14EEE009676C1 /* UserModel.swift */ = {isa = PBXFileReference; fileEncoding = 4; lastKnownFileType = sourcecode.swift; name = UserModel.swift; path = ../../../UserModel.swift; sourceTree = "<group>"; };
		2EED896C2229993700ADDEBD /* ProductModel.swift */ = {isa = PBXFileReference; lastKnownFileType = sourcecode.swift; path = ProductModel.swift; sourceTree = "<group>"; };
		2EF3106F256F1BF90021EB58 /* AccountCreationValidator.swift */ = {isa = PBXFileReference; lastKnownFileType = sourcecode.swift; path = AccountCreationValidator.swift; sourceTree = "<group>"; };
		2EFE45EE25B22E9E006CD38E /* UIColor+AppColors.swift */ = {isa = PBXFileReference; lastKnownFileType = sourcecode.swift; path = "UIColor+AppColors.swift"; sourceTree = "<group>"; };
		518532F306766C8E73C66795 /* Pods_PerfectlyCreated.framework */ = {isa = PBXFileReference; explicitFileType = wrapper.framework; includeInIndex = 0; path = Pods_PerfectlyCreated.framework; sourceTree = BUILT_PRODUCTS_DIR; };
		53F149E25DBED77A1E8ACEE6 /* Pods-PerfectlyCreated.release.xcconfig */ = {isa = PBXFileReference; includeInIndex = 1; lastKnownFileType = text.xcconfig; name = "Pods-PerfectlyCreated.release.xcconfig"; path = "Target Support Files/Pods-PerfectlyCreated/Pods-PerfectlyCreated.release.xcconfig"; sourceTree = "<group>"; };
		5B5ED21A23538100000227D1 /* Feeds.storyboard */ = {isa = PBXFileReference; lastKnownFileType = file.storyboard; path = Feeds.storyboard; sourceTree = "<group>"; };
		E534A6FFE2DFF3006379315B /* Pods-PerfectlyCreated.debug.xcconfig */ = {isa = PBXFileReference; includeInIndex = 1; lastKnownFileType = text.xcconfig; name = "Pods-PerfectlyCreated.debug.xcconfig"; path = "Target Support Files/Pods-PerfectlyCreated/Pods-PerfectlyCreated.debug.xcconfig"; sourceTree = "<group>"; };
/* End PBXFileReference section */

/* Begin PBXFrameworksBuildPhase section */
		2E4A3E8C2208D2C800988116 /* Frameworks */ = {
			isa = PBXFrameworksBuildPhase;
			buildActionMask = 2147483647;
			files = (
				F3709142F2C67491C11FEC18 /* Pods_PerfectlyCreated.framework in Frameworks */,
			);
			runOnlyForDeploymentPostprocessing = 0;
		};
/* End PBXFrameworksBuildPhase section */

/* Begin PBXGroup section */
		2E07D20725588D990029FB36 /* Views */ = {
			isa = PBXGroup;
			children = (
				2E6E31AE25B28D3A00857E5C /* SearchTableViewCell.swift */,
				2E0FFD03254DCFD90020D9DC /* ProductCollectionViewCell.swift */,
				2E0FFD04254DCFD90020D9DC /* ProductCollectionViewCell.xib */,
				2EAE6848254F389600BE0E1E /* CategorySectionHeaderCollectionReusableView.swift */,
				2EAE6849254F389600BE0E1E /* CategorySectionHeaderCollectionReusableView.xib */,
				2EAE684D254F732D00BE0E1E /* AboutProductCollectionViewCell.swift */,
				2EAE684E254F732D00BE0E1E /* AboutProductCollectionViewCell.xib */,
				2EAE6857254F86FE00BE0E1E /* AdditionalCollectionReusableView.swift */,
				2EAE6858254F86FE00BE0E1E /* AdditionalCollectionReusableView.xib */,
				2E110A812550F203001ADACD /* CompletedCollectionViewCell.swift */,
				2E110A822550F203001ADACD /* CompletedCollectionViewCell.xib */,
				2E07D20A25588E700029FB36 /* NotesCollectionViewCell.swift */,
				2E07D20B25588E700029FB36 /* NotesCollectionViewCell.xib */,
				2E6E31B225B3A0FE00857E5C /* StoreCollectionViewCell.swift */,
				2E6E31B325B3A0FE00857E5C /* StoreCollectionViewCell.xib */,
				2E3C8F6F25CA6E8A00474A30 /* HeaderCollectionReusableView.swift */,
				2E3C8F7025CA6E8A00474A30 /* HeaderCollectionReusableView.xib */,
			);
			path = Views;
			sourceTree = "<group>";
		};
		2E0FFB97254D9AEC0020D9DC /* AccountCreation */ = {
			isa = PBXGroup;
			children = (
				2E0FFB98254D9B050020D9DC /* SignupViewController.storyboard */,
				2E4A3EA62208D37500988116 /* SignupViewController.swift */,
				2EF3106F256F1BF90021EB58 /* AccountCreationValidator.swift */,
			);
			path = AccountCreation;
			sourceTree = "<group>";
		};
		2E0FFC40254DB5340020D9DC /* BarcodeScanner */ = {
			isa = PBXGroup;
			children = (
				2E0FFC41254DB5800020D9DC /* BarcodeScannerController.swift */,
				2E0FFC45254DB8B50020D9DC /* BarcodeScannerViewController.swift */,
				2E0FFC46254DB8B50020D9DC /* BarcodeScannerViewController.xib */,
				2E0FFC5D254DBD860020D9DC /* VideoSessionController.swift */,
				2EAD2CF925AFA81900C71DAB /* UploadBarcodeViewController.swift */,
				2EAD2CFC25AFA83400C71DAB /* UploadBarcodeViewController.storyboard */,
			);
			path = BarcodeScanner;
			sourceTree = "<group>";
		};
		2E0FFCFA254DCDC50020D9DC /* Product */ = {
			isa = PBXGroup;
			children = (
				2EAF205825EC962B00E8049F /* PhotoPicker.swift */,
				2E6E31C125B3F7E900857E5C /* View Controllers */,
				2E07D20725588D990029FB36 /* Views */,
				2E4A8234258DA8980031F30E /* Edit Product */,
				2EAD2CF225AF3EDE00C71DAB /* ProductInfoDraft.swift */,
			);
			path = Product;
			sourceTree = "<group>";
		};
		2E0FFD0C254DDBDC0020D9DC /* SearchController */ = {
			isa = PBXGroup;
			children = (
				2E0FFD0D254DDBF10020D9DC /* SearchProductViewController.storyboard */,
				2E984787221D575800204A42 /* SearchProductViewController.swift */,
			);
			path = SearchController;
			sourceTree = "<group>";
		};
		2E4A3E862208D2C800988116 = {
			isa = PBXGroup;
			children = (
				2E4A3E912208D2C800988116 /* PerfectlyCreated */,
				2E4A3E902208D2C800988116 /* Products */,
				59E3D6A9E1C5CBD750C6D823 /* Pods */,
				5C76D2D854F6A6AD689F2E8F /* Frameworks */,
			);
			sourceTree = "<group>";
		};
		2E4A3E902208D2C800988116 /* Products */ = {
			isa = PBXGroup;
			children = (
				2E4A3E8F2208D2C800988116 /* PerfectlyCreated.app */,
			);
			name = Products;
			sourceTree = "<group>";
		};
		2E4A3E912208D2C800988116 /* PerfectlyCreated */ = {
			isa = PBXGroup;
			children = (
				2E6E31B825B3CC5700857E5C /* Onboarding */,
				2EA365B0220A598D00FFDC5E /* PerfectlyCraftedTabBarViewController.swift */,
				2EAE6852254F7A9C00BE0E1E /* Extension */,
				2E0FFD0C254DDBDC0020D9DC /* SearchController */,
				2E0FFCFA254DCDC50020D9DC /* Product */,
				2E0FFC40254DB5340020D9DC /* BarcodeScanner */,
				2E0FFB97254D9AEC0020D9DC /* AccountCreation */,
				5B5ED219235380BF000227D1 /* Feed */,
				2EA365AB220A301400FFDC5E /* Model */,
				2EED896B22298A1C00ADDEBD /* Firebase Files */,
				2EA365AC220A302200FFDC5E /* NetworkServices */,
				2EA365AD220A303000FFDC5E /* SupportingFiles */,
				2E4A3E9E2208D2CB00988116 /* Info.plist */,
				2E0FFB44254D13190020D9DC /* GoogleService-Info.plist */,
			);
			path = PerfectlyCreated;
			sourceTree = "<group>";
		};
		2E4A8234258DA8980031F30E /* Edit Product */ = {
			isa = PBXGroup;
			children = (
				2E4A822D258DA11D0031F30E /* EditProductViewController.swift */,
				2E4A8230258DA12D0031F30E /* EditProductViewController.storyboard */,
			);
			path = "Edit Product";
			sourceTree = "<group>";
		};
		2E6E31B825B3CC5700857E5C /* Onboarding */ = {
			isa = PBXGroup;
			children = (
				2E6E31BA25B3CC8300857E5C /* OnboardingViewController.swift */,
				2E6E31B925B3CC8300857E5C /* OnboardingViewController.xib */,
			);
			path = Onboarding;
			sourceTree = "<group>";
		};
		2E6E31C125B3F7E900857E5C /* View Controllers */ = {
			isa = PBXGroup;
			children = (
				2EAF205525EC95A700E8049F /* AddProductView.swift */,
				2E0FFCFB254DCDE60020D9DC /* ProductViewController.swift */,
				2E0FFCFF254DCE060020D9DC /* ProductViewController.storyboard */,
				2EAE6838254E5F7200BE0E1E /* ProductDetailViewController.swift */,
				2EAE683B254E5F7E00BE0E1E /* ProductDetailViewController.storyboard */,
			);
			path = "View Controllers";
			sourceTree = "<group>";
		};
		2EA365AB220A301400FFDC5E /* Model */ = {
			isa = PBXGroup;
			children = (
				2EEC71C725B14EEE009676C1 /* UserModel.swift */,
				2E997F9D221B18AA00730ED7 /* HairProductModel.swift */,
				2EED896C2229993700ADDEBD /* ProductModel.swift */,
				2EA365BA220A760800FFDC5E /* UserSession.swift */,
				2EAD2D0125B0963900C71DAB /* HairProduct.swift */,
				2EAD2D0425B0967B00C71DAB /* ItemResponse.swift */,
				2EAD2D0725B0969400C71DAB /* Store.swift */,
				2EAD2D0A25B096EE00C71DAB /* ItemAttributes.swift */,
			);
			path = Model;
			sourceTree = "<group>";
		};
		2EA365AC220A302200FFDC5E /* NetworkServices */ = {
			isa = PBXGroup;
			children = (
				2E997F99221B0FCF00730ED7 /* AppError.swift */,
				2E997F97221B0E4700730ED7 /* Extension+Alerts.swift */,
				2E997F93221B0E1600730ED7 /* HairProductApiClient.swift */,
				2E997F95221B0E2800730ED7 /* NetworkHelper.swift */,
			);
			path = NetworkServices;
			sourceTree = "<group>";
		};
		2EA365AD220A303000FFDC5E /* SupportingFiles */ = {
			isa = PBXGroup;
			children = (
				2E4A3E922208D2C800988116 /* AppDelegate.swift */,
				2E4A3E992208D2CB00988116 /* Assets.xcassets */,
				2E4A3E9B2208D2CB00988116 /* LaunchScreen.storyboard */,
			);
			path = SupportingFiles;
			sourceTree = "<group>";
		};
		2EAE6852254F7A9C00BE0E1E /* Extension */ = {
			isa = PBXGroup;
			children = (
				2EAF931B2585556900D28BAC /* UINavigationBar+Appearance.swift */,
				2EAE6853254F7AB400BE0E1E /* NSCoding+Nib.swift */,
				2EAF931025854B4300D28BAC /* UIView+IBInspectable.swift */,
				2EFE45EE25B22E9E006CD38E /* UIColor+AppColors.swift */,
				2E6E31BE25B3E37B00857E5C /* NotificationName+String.swift */,
				2E3C8F6C25CA6CDD00474A30 /* Result+Combine.swift */,
				2E3C8F7425CA76AE00474A30 /* UIView+Shadow.swift */,
			);
			path = Extension;
			sourceTree = "<group>";
		};
		2EED896B22298A1C00ADDEBD /* Firebase Files */ = {
			isa = PBXGroup;
			children = (
				2EB2A1A42227077800525BD4 /* FirebaseCollectionKeys.swift */,
				2EAE6840254F04AF00BE0E1E /* ProductManager.swift */,
			);
			path = "Firebase Files";
			sourceTree = "<group>";
		};
		59E3D6A9E1C5CBD750C6D823 /* Pods */ = {
			isa = PBXGroup;
			children = (
				E534A6FFE2DFF3006379315B /* Pods-PerfectlyCreated.debug.xcconfig */,
				53F149E25DBED77A1E8ACEE6 /* Pods-PerfectlyCreated.release.xcconfig */,
			);
			path = Pods;
			sourceTree = "<group>";
		};
		5B5ED219235380BF000227D1 /* Feed */ = {
			isa = PBXGroup;
			children = (
				5B5ED21A23538100000227D1 /* Feeds.storyboard */,
			);
			path = Feed;
			sourceTree = "<group>";
		};
		5C76D2D854F6A6AD689F2E8F /* Frameworks */ = {
			isa = PBXGroup;
			children = (
				518532F306766C8E73C66795 /* Pods_PerfectlyCreated.framework */,
			);
			name = Frameworks;
			sourceTree = "<group>";
		};
/* End PBXGroup section */

/* Begin PBXNativeTarget section */
		2E4A3E8E2208D2C800988116 /* PerfectlyCreated */ = {
			isa = PBXNativeTarget;
			buildConfigurationList = 2E4A3EA12208D2CB00988116 /* Build configuration list for PBXNativeTarget "PerfectlyCreated" */;
			buildPhases = (
				13EA166B99C0503DA8459B89 /* [CP] Check Pods Manifest.lock */,
				2E4A3E8B2208D2C800988116 /* Sources */,
				2E4A3E8C2208D2C800988116 /* Frameworks */,
				2E4A3E8D2208D2C800988116 /* Resources */,
				8DC7244F88A807D29DA11D58 /* [CP] Embed Pods Frameworks */,
				2EFE464525B23548006CD38E /* SwiftLint */,
				2EFE464725B23701006CD38E /* Crashlytics */,
			);
			buildRules = (
			);
			dependencies = (
			);
			name = PerfectlyCreated;
			productName = PerfectlyCrafted;
			productReference = 2E4A3E8F2208D2C800988116 /* PerfectlyCreated.app */;
			productType = "com.apple.product-type.application";
		};
/* End PBXNativeTarget section */

/* Begin PBXProject section */
		2E4A3E872208D2C800988116 /* Project object */ = {
			isa = PBXProject;
			attributes = {
				LastSwiftUpdateCheck = 1010;
				LastUpgradeCheck = 1230;
				ORGANIZATIONNAME = "Ashli Rankin";
				TargetAttributes = {
					2E4A3E8E2208D2C800988116 = {
						CreatedOnToolsVersion = 10.1;
						LastSwiftMigration = 1230;
					};
				};
			};
			buildConfigurationList = 2E4A3E8A2208D2C800988116 /* Build configuration list for PBXProject "PerfectlyCreated" */;
			compatibilityVersion = "Xcode 9.3";
			developmentRegion = en;
			hasScannedForEncodings = 0;
			knownRegions = (
				en,
				Base,
			);
			mainGroup = 2E4A3E862208D2C800988116;
			productRefGroup = 2E4A3E902208D2C800988116 /* Products */;
			projectDirPath = "";
			projectRoot = "";
			targets = (
				2E4A3E8E2208D2C800988116 /* PerfectlyCreated */,
			);
		};
/* End PBXProject section */

/* Begin PBXResourcesBuildPhase section */
		2E4A3E8D2208D2C800988116 /* Resources */ = {
			isa = PBXResourcesBuildPhase;
			buildActionMask = 2147483647;
			files = (
				5B5ED21B23538100000227D1 /* Feeds.storyboard in Resources */,
				2E0FFC48254DB8B50020D9DC /* BarcodeScannerViewController.xib in Resources */,
				2EAE6850254F732D00BE0E1E /* AboutProductCollectionViewCell.xib in Resources */,
				2E0FFB45254D13190020D9DC /* GoogleService-Info.plist in Resources */,
				2EAE685A254F86FE00BE0E1E /* AdditionalCollectionReusableView.xib in Resources */,
				2E4A3E9D2208D2CB00988116 /* LaunchScreen.storyboard in Resources */,
				2E07D20D25588E700029FB36 /* NotesCollectionViewCell.xib in Resources */,
				2E110A842550F203001ADACD /* CompletedCollectionViewCell.xib in Resources */,
				2E6E31BB25B3CC8300857E5C /* OnboardingViewController.xib in Resources */,
				2E0FFD00254DCE060020D9DC /* ProductViewController.storyboard in Resources */,
				2E4A8231258DA12D0031F30E /* EditProductViewController.storyboard in Resources */,
				2E6E31B525B3A0FE00857E5C /* StoreCollectionViewCell.xib in Resources */,
				2EAD2CFD25AFA83400C71DAB /* UploadBarcodeViewController.storyboard in Resources */,
				2EAE684B254F389600BE0E1E /* CategorySectionHeaderCollectionReusableView.xib in Resources */,
				2EAE683C254E5F7E00BE0E1E /* ProductDetailViewController.storyboard in Resources */,
				2E0FFBC3254D9D6D0020D9DC /* SignupViewController.storyboard in Resources */,
				2E3C8F7225CA6E8A00474A30 /* HeaderCollectionReusableView.xib in Resources */,
				2EAE6836254DE36300BE0E1E /* SearchProductViewController.storyboard in Resources */,
				2E4A3E9A2208D2CB00988116 /* Assets.xcassets in Resources */,
				2E0FFD06254DCFD90020D9DC /* ProductCollectionViewCell.xib in Resources */,
			);
			runOnlyForDeploymentPostprocessing = 0;
		};
/* End PBXResourcesBuildPhase section */

/* Begin PBXShellScriptBuildPhase section */
		13EA166B99C0503DA8459B89 /* [CP] Check Pods Manifest.lock */ = {
			isa = PBXShellScriptBuildPhase;
			buildActionMask = 2147483647;
			files = (
			);
			inputFileListPaths = (
			);
			inputPaths = (
				"${PODS_PODFILE_DIR_PATH}/Podfile.lock",
				"${PODS_ROOT}/Manifest.lock",
			);
			name = "[CP] Check Pods Manifest.lock";
			outputFileListPaths = (
			);
			outputPaths = (
				"$(DERIVED_FILE_DIR)/Pods-PerfectlyCreated-checkManifestLockResult.txt",
			);
			runOnlyForDeploymentPostprocessing = 0;
			shellPath = /bin/sh;
			shellScript = "diff \"${PODS_PODFILE_DIR_PATH}/Podfile.lock\" \"${PODS_ROOT}/Manifest.lock\" > /dev/null\nif [ $? != 0 ] ; then\n    # print error to STDERR\n    echo \"error: The sandbox is not in sync with the Podfile.lock. Run 'pod install' or update your CocoaPods installation.\" >&2\n    exit 1\nfi\n# This output is used by Xcode 'outputs' to avoid re-running this script phase.\necho \"SUCCESS\" > \"${SCRIPT_OUTPUT_FILE_0}\"\n";
			showEnvVarsInLog = 0;
		};
		2EFE464525B23548006CD38E /* SwiftLint */ = {
			isa = PBXShellScriptBuildPhase;
			buildActionMask = 2147483647;
			files = (
			);
			inputFileListPaths = (
			);
			inputPaths = (
			);
			name = SwiftLint;
			outputFileListPaths = (
			);
			outputPaths = (
			);
			runOnlyForDeploymentPostprocessing = 0;
			shellPath = /bin/sh;
			shellScript = "\"${PODS_ROOT}/SwiftLint/swiftlint\"\n\n";
		};
		2EFE464725B23701006CD38E /* Crashlytics */ = {
			isa = PBXShellScriptBuildPhase;
			buildActionMask = 2147483647;
			files = (
			);
			inputFileListPaths = (
			);
			inputPaths = (
				"$(SRCROOT)/${DWARF_DSYM_FOLDER_PATH}/${DWARF_DSYM_FILE_NAME}/Contents/Resources/DWARF/${TARGET_NAME}",
				"$(SRCROOT)/$(BUILT_PRODUCTS_DIR)/$(INFOPLIST_PATH)",
			);
			name = Crashlytics;
			outputFileListPaths = (
			);
			outputPaths = (
			);
			runOnlyForDeploymentPostprocessing = 0;
			shellPath = /bin/sh;
			shellScript = "\"${PODS_ROOT}/FirebaseCrashlytics/run\"\n\n";
		};
		8DC7244F88A807D29DA11D58 /* [CP] Embed Pods Frameworks */ = {
			isa = PBXShellScriptBuildPhase;
			buildActionMask = 2147483647;
			files = (
			);
			inputFileListPaths = (
				"${PODS_ROOT}/Target Support Files/Pods-PerfectlyCreated/Pods-PerfectlyCreated-frameworks-${CONFIGURATION}-input-files.xcfilelist",
			);
			name = "[CP] Embed Pods Frameworks";
			outputFileListPaths = (
				"${PODS_ROOT}/Target Support Files/Pods-PerfectlyCreated/Pods-PerfectlyCreated-frameworks-${CONFIGURATION}-output-files.xcfilelist",
			);
			runOnlyForDeploymentPostprocessing = 0;
			shellPath = /bin/sh;
			shellScript = "\"${PODS_ROOT}/Target Support Files/Pods-PerfectlyCreated/Pods-PerfectlyCreated-frameworks.sh\"\n";
			showEnvVarsInLog = 0;
		};
/* End PBXShellScriptBuildPhase section */

/* Begin PBXSourcesBuildPhase section */
		2E4A3E8B2208D2C800988116 /* Sources */ = {
			isa = PBXSourcesBuildPhase;
			buildActionMask = 2147483647;
			files = (
				2E997F96221B0E2800730ED7 /* NetworkHelper.swift in Sources */,
				2E6E31AF25B28D3A00857E5C /* SearchTableViewCell.swift in Sources */,
				2E6E31BF25B3E37B00857E5C /* NotificationName+String.swift in Sources */,
				2E3C8F7125CA6E8A00474A30 /* HeaderCollectionReusableView.swift in Sources */,
				2E3C8F7525CA76AF00474A30 /* UIView+Shadow.swift in Sources */,
				2E0FFC42254DB5800020D9DC /* BarcodeScannerController.swift in Sources */,
				2EAE684A254F389600BE0E1E /* CategorySectionHeaderCollectionReusableView.swift in Sources */,
				2E997F9A221B0FCF00730ED7 /* AppError.swift in Sources */,
				2EFE45EF25B22E9E006CD38E /* UIColor+AppColors.swift in Sources */,
				2E0FFBC5254D9D720020D9DC /* SignupViewController.swift in Sources */,
				2E997F9E221B18AA00730ED7 /* HairProductModel.swift in Sources */,
				2E4A8238258DA8F40031F30E /* EditProductViewController.swift in Sources */,
				2EAE6839254E5F7200BE0E1E /* ProductDetailViewController.swift in Sources */,
				2EAD2D0225B0963900C71DAB /* HairProduct.swift in Sources */,
				2E6E31B425B3A0FE00857E5C /* StoreCollectionViewCell.swift in Sources */,
				2EAE6859254F86FE00BE0E1E /* AdditionalCollectionReusableView.swift in Sources */,
				2E3C8F6D25CA6CDD00474A30 /* Result+Combine.swift in Sources */,
				2E0FFC5E254DBD860020D9DC /* VideoSessionController.swift in Sources */,
				2EAF931125854B4300D28BAC /* UIView+IBInspectable.swift in Sources */,
				2EAD2CFA25AFA81900C71DAB /* UploadBarcodeViewController.swift in Sources */,
				2EA365B1220A598D00FFDC5E /* PerfectlyCraftedTabBarViewController.swift in Sources */,
				2EAD2D0825B0969400C71DAB /* Store.swift in Sources */,
				2EAD2D0525B0967B00C71DAB /* ItemResponse.swift in Sources */,
				2E997F94221B0E1600730ED7 /* HairProductApiClient.swift in Sources */,
				2E997F98221B0E4700730ED7 /* Extension+Alerts.swift in Sources */,
				2E0FFC47254DB8B50020D9DC /* BarcodeScannerViewController.swift in Sources */,
				2E0FFD3B254DDD260020D9DC /* SearchProductViewController.swift in Sources */,
				2EED896D2229993700ADDEBD /* ProductModel.swift in Sources */,
				2EF31070256F1BF90021EB58 /* AccountCreationValidator.swift in Sources */,
				2E0FFD05254DCFD90020D9DC /* ProductCollectionViewCell.swift in Sources */,
				2EAD2D0B25B096EE00C71DAB /* ItemAttributes.swift in Sources */,
				2EAD2CF325AF3EDE00C71DAB /* ProductInfoDraft.swift in Sources */,
				2EB2A1A52227077800525BD4 /* FirebaseCollectionKeys.swift in Sources */,
				2EAE6854254F7AB400BE0E1E /* NSCoding+Nib.swift in Sources */,
				2EAF205925EC962B00E8049F /* PhotoPicker.swift in Sources */,
				2EAE684F254F732D00BE0E1E /* AboutProductCollectionViewCell.swift in Sources */,
				2E110A832550F203001ADACD /* CompletedCollectionViewCell.swift in Sources */,
				2E6E31BC25B3CC8300857E5C /* OnboardingViewController.swift in Sources */,
				2E07D20C25588E700029FB36 /* NotesCollectionViewCell.swift in Sources */,
				2E4A3E932208D2C800988116 /* AppDelegate.swift in Sources */,
				2EAF205625EC95A700E8049F /* AddProductView.swift in Sources */,
				2E0FFCFC254DCDE60020D9DC /* ProductViewController.swift in Sources */,
				2EAF931C2585556900D28BAC /* UINavigationBar+Appearance.swift in Sources */,
				2EA365BB220A760800FFDC5E /* UserSession.swift in Sources */,
				2EAE6841254F04AF00BE0E1E /* ProductManager.swift in Sources */,
				2EEC71C825B14EEE009676C1 /* UserModel.swift in Sources */,
			);
			runOnlyForDeploymentPostprocessing = 0;
		};
/* End PBXSourcesBuildPhase section */

/* Begin PBXVariantGroup section */
		2E4A3E9B2208D2CB00988116 /* LaunchScreen.storyboard */ = {
			isa = PBXVariantGroup;
			children = (
				2E4A3E9C2208D2CB00988116 /* Base */,
			);
			name = LaunchScreen.storyboard;
			sourceTree = "<group>";
		};
/* End PBXVariantGroup section */

/* Begin XCBuildConfiguration section */
		2E4A3E9F2208D2CB00988116 /* Debug */ = {
			isa = XCBuildConfiguration;
			buildSettings = {
				ALWAYS_SEARCH_USER_PATHS = NO;
				CLANG_ANALYZER_NONNULL = YES;
				CLANG_ANALYZER_NUMBER_OBJECT_CONVERSION = YES_AGGRESSIVE;
				CLANG_CXX_LANGUAGE_STANDARD = "gnu++14";
				CLANG_CXX_LIBRARY = "libc++";
				CLANG_ENABLE_MODULES = YES;
				CLANG_ENABLE_OBJC_ARC = YES;
				CLANG_ENABLE_OBJC_WEAK = YES;
				CLANG_WARN_BLOCK_CAPTURE_AUTORELEASING = YES;
				CLANG_WARN_BOOL_CONVERSION = YES;
				CLANG_WARN_COMMA = YES;
				CLANG_WARN_CONSTANT_CONVERSION = YES;
				CLANG_WARN_DEPRECATED_OBJC_IMPLEMENTATIONS = YES;
				CLANG_WARN_DIRECT_OBJC_ISA_USAGE = YES_ERROR;
				CLANG_WARN_DOCUMENTATION_COMMENTS = YES;
				CLANG_WARN_EMPTY_BODY = YES;
				CLANG_WARN_ENUM_CONVERSION = YES;
				CLANG_WARN_INFINITE_RECURSION = YES;
				CLANG_WARN_INT_CONVERSION = YES;
				CLANG_WARN_NON_LITERAL_NULL_CONVERSION = YES;
				CLANG_WARN_OBJC_IMPLICIT_RETAIN_SELF = YES;
				CLANG_WARN_OBJC_LITERAL_CONVERSION = YES;
				CLANG_WARN_OBJC_ROOT_CLASS = YES_ERROR;
				CLANG_WARN_RANGE_LOOP_ANALYSIS = YES;
				CLANG_WARN_STRICT_PROTOTYPES = YES;
				CLANG_WARN_SUSPICIOUS_MOVE = YES;
				CLANG_WARN_UNGUARDED_AVAILABILITY = YES_AGGRESSIVE;
				CLANG_WARN_UNREACHABLE_CODE = YES;
				CLANG_WARN__DUPLICATE_METHOD_MATCH = YES;
				CODE_SIGN_IDENTITY = "iPhone Developer";
				COPY_PHASE_STRIP = NO;
				DEBUG_INFORMATION_FORMAT = dwarf;
				ENABLE_STRICT_OBJC_MSGSEND = YES;
				ENABLE_TESTABILITY = YES;
				EXCLUDED_ARCHS = all;
				GCC_C_LANGUAGE_STANDARD = gnu11;
				GCC_DYNAMIC_NO_PIC = NO;
				GCC_NO_COMMON_BLOCKS = YES;
				GCC_OPTIMIZATION_LEVEL = 0;
				GCC_PREPROCESSOR_DEFINITIONS = (
					"DEBUG=1",
					"$(inherited)",
				);
				GCC_WARN_64_TO_32_BIT_CONVERSION = YES;
				GCC_WARN_ABOUT_RETURN_TYPE = YES_ERROR;
				GCC_WARN_UNDECLARED_SELECTOR = YES;
				GCC_WARN_UNINITIALIZED_AUTOS = YES_AGGRESSIVE;
				GCC_WARN_UNUSED_FUNCTION = YES;
				GCC_WARN_UNUSED_VARIABLE = YES;
				IPHONEOS_DEPLOYMENT_TARGET = 12.1;
				MTL_ENABLE_DEBUG_INFO = INCLUDE_SOURCE;
				MTL_FAST_MATH = YES;
				ONLY_ACTIVE_ARCH = YES;
				SDKROOT = iphoneos;
				SWIFT_ACTIVE_COMPILATION_CONDITIONS = DEBUG;
				SWIFT_OPTIMIZATION_LEVEL = "-Onone";
			};
			name = Debug;
		};
		2E4A3EA02208D2CB00988116 /* Release */ = {
			isa = XCBuildConfiguration;
			buildSettings = {
				ALWAYS_SEARCH_USER_PATHS = NO;
				CLANG_ANALYZER_NONNULL = YES;
				CLANG_ANALYZER_NUMBER_OBJECT_CONVERSION = YES_AGGRESSIVE;
				CLANG_CXX_LANGUAGE_STANDARD = "gnu++14";
				CLANG_CXX_LIBRARY = "libc++";
				CLANG_ENABLE_MODULES = YES;
				CLANG_ENABLE_OBJC_ARC = YES;
				CLANG_ENABLE_OBJC_WEAK = YES;
				CLANG_WARN_BLOCK_CAPTURE_AUTORELEASING = YES;
				CLANG_WARN_BOOL_CONVERSION = YES;
				CLANG_WARN_COMMA = YES;
				CLANG_WARN_CONSTANT_CONVERSION = YES;
				CLANG_WARN_DEPRECATED_OBJC_IMPLEMENTATIONS = YES;
				CLANG_WARN_DIRECT_OBJC_ISA_USAGE = YES_ERROR;
				CLANG_WARN_DOCUMENTATION_COMMENTS = YES;
				CLANG_WARN_EMPTY_BODY = YES;
				CLANG_WARN_ENUM_CONVERSION = YES;
				CLANG_WARN_INFINITE_RECURSION = YES;
				CLANG_WARN_INT_CONVERSION = YES;
				CLANG_WARN_NON_LITERAL_NULL_CONVERSION = YES;
				CLANG_WARN_OBJC_IMPLICIT_RETAIN_SELF = YES;
				CLANG_WARN_OBJC_LITERAL_CONVERSION = YES;
				CLANG_WARN_OBJC_ROOT_CLASS = YES_ERROR;
				CLANG_WARN_RANGE_LOOP_ANALYSIS = YES;
				CLANG_WARN_STRICT_PROTOTYPES = YES;
				CLANG_WARN_SUSPICIOUS_MOVE = YES;
				CLANG_WARN_UNGUARDED_AVAILABILITY = YES_AGGRESSIVE;
				CLANG_WARN_UNREACHABLE_CODE = YES;
				CLANG_WARN__DUPLICATE_METHOD_MATCH = YES;
				CODE_SIGN_IDENTITY = "iPhone Developer";
				COPY_PHASE_STRIP = NO;
				DEBUG_INFORMATION_FORMAT = "dwarf-with-dsym";
				ENABLE_NS_ASSERTIONS = NO;
				ENABLE_STRICT_OBJC_MSGSEND = YES;
				GCC_C_LANGUAGE_STANDARD = gnu11;
				GCC_NO_COMMON_BLOCKS = YES;
				GCC_WARN_64_TO_32_BIT_CONVERSION = YES;
				GCC_WARN_ABOUT_RETURN_TYPE = YES_ERROR;
				GCC_WARN_UNDECLARED_SELECTOR = YES;
				GCC_WARN_UNINITIALIZED_AUTOS = YES_AGGRESSIVE;
				GCC_WARN_UNUSED_FUNCTION = YES;
				GCC_WARN_UNUSED_VARIABLE = YES;
				IPHONEOS_DEPLOYMENT_TARGET = 12.1;
				MTL_ENABLE_DEBUG_INFO = NO;
				MTL_FAST_MATH = YES;
				SDKROOT = iphoneos;
				SWIFT_COMPILATION_MODE = wholemodule;
				SWIFT_OPTIMIZATION_LEVEL = "-O";
				VALIDATE_PRODUCT = YES;
			};
			name = Release;
		};
		2E4A3EA22208D2CB00988116 /* Debug */ = {
			isa = XCBuildConfiguration;
			baseConfigurationReference = E534A6FFE2DFF3006379315B /* Pods-PerfectlyCreated.debug.xcconfig */;
			buildSettings = {
				ASSETCATALOG_COMPILER_APPICON_NAME = AppIcon;
				CODE_SIGN_STYLE = Automatic;
				CURRENT_PROJECT_VERSION = 1.4.1;
				DEBUG_INFORMATION_FORMAT = "dwarf-with-dsym";
				DEVELOPMENT_TEAM = ASLRJLYD2S;
				INFOPLIST_FILE = PerfectlyCreated/Info.plist;
				IPHONEOS_DEPLOYMENT_TARGET = 14.0;
				LD_RUNPATH_SEARCH_PATHS = (
					"$(inherited)",
					"@executable_path/Frameworks",
				);
				PRODUCT_BUNDLE_IDENTIFIER = com.wmn4future.PerfectlyCreated;
				PRODUCT_NAME = PerfectlyCreated;
				SWIFT_VERSION = 5.0;
				TARGETED_DEVICE_FAMILY = 1;
			};
			name = Debug;
		};
		2E4A3EA32208D2CB00988116 /* Release */ = {
			isa = XCBuildConfiguration;
			baseConfigurationReference = 53F149E25DBED77A1E8ACEE6 /* Pods-PerfectlyCreated.release.xcconfig */;
			buildSettings = {
				ASSETCATALOG_COMPILER_APPICON_NAME = AppIcon;
				CODE_SIGN_STYLE = Automatic;
				CURRENT_PROJECT_VERSION = 1.4.1;
				DEVELOPMENT_TEAM = ASLRJLYD2S;
				INFOPLIST_FILE = PerfectlyCreated/Info.plist;
				IPHONEOS_DEPLOYMENT_TARGET = 14.0;
				LD_RUNPATH_SEARCH_PATHS = (
					"$(inherited)",
					"@executable_path/Frameworks",
				);
				PRODUCT_BUNDLE_IDENTIFIER = com.wmn4future.PerfectlyCreated;
				PRODUCT_NAME = PerfectlyCreated;
				SWIFT_VERSION = 5.0;
				TARGETED_DEVICE_FAMILY = 1;
			};
			name = Release;
		};
/* End XCBuildConfiguration section */

/* Begin XCConfigurationList section */
		2E4A3E8A2208D2C800988116 /* Build configuration list for PBXProject "PerfectlyCreated" */ = {
			isa = XCConfigurationList;
			buildConfigurations = (
				2E4A3E9F2208D2CB00988116 /* Debug */,
				2E4A3EA02208D2CB00988116 /* Release */,
			);
			defaultConfigurationIsVisible = 0;
			defaultConfigurationName = Release;
		};
		2E4A3EA12208D2CB00988116 /* Build configuration list for PBXNativeTarget "PerfectlyCreated" */ = {
			isa = XCConfigurationList;
			buildConfigurations = (
				2E4A3EA22208D2CB00988116 /* Debug */,
				2E4A3EA32208D2CB00988116 /* Release */,
			);
			defaultConfigurationIsVisible = 0;
			defaultConfigurationName = Release;
		};
/* End XCConfigurationList section */
	};
	rootObject = 2E4A3E872208D2C800988116 /* Project object */;
}
