// !$*UTF8*$!
{
	archiveVersion = 1;
	classes = {
	};
	objectVersion = 51;
	objects = {

/* Begin PBXBuildFile section */
		2E04A4B4221A76460066568E /* PopUpViewController.swift in Sources */ = {isa = PBXBuildFile; fileRef = 2E04A4B3221A76460066568E /* PopUpViewController.swift */; };
		2E04A4B6221A76620066568E /* PopUpView.swift in Sources */ = {isa = PBXBuildFile; fileRef = 2E04A4B5221A76620066568E /* PopUpView.swift */; };
		2E063E67220B5E9C00D85406 /* ProfileView.swift in Sources */ = {isa = PBXBuildFile; fileRef = 2E063E66220B5E9C00D85406 /* ProfileView.swift */; };
		2E063E69220B629A00D85406 /* ProfileCollectionViewCell.swift in Sources */ = {isa = PBXBuildFile; fileRef = 2E063E68220B629A00D85406 /* ProfileCollectionViewCell.swift */; };
		2E063E6D220B77C500D85406 /* FeedsView.swift in Sources */ = {isa = PBXBuildFile; fileRef = 2E063E6C220B77C500D85406 /* FeedsView.swift */; };
		2E063E6F220B78DC00D85406 /* FeedsCollectionViewCell.swift in Sources */ = {isa = PBXBuildFile; fileRef = 2E063E6E220B78DC00D85406 /* FeedsCollectionViewCell.swift */; };
		2E07D20C25588E700029FB36 /* NotesCollectionViewCell.swift in Sources */ = {isa = PBXBuildFile; fileRef = 2E07D20A25588E700029FB36 /* NotesCollectionViewCell.swift */; };
		2E07D20D25588E700029FB36 /* NotesCollectionViewCell.xib in Resources */ = {isa = PBXBuildFile; fileRef = 2E07D20B25588E700029FB36 /* NotesCollectionViewCell.xib */; };
		2E0FFB41254D0DE90020D9DC /* FeedsCollectionViewDataSource.swift in Sources */ = {isa = PBXBuildFile; fileRef = 2E0FFB40254D0DE90020D9DC /* FeedsCollectionViewDataSource.swift */; };
		2E0FFB45254D13190020D9DC /* GoogleService-Info.plist in Resources */ = {isa = PBXBuildFile; fileRef = 2E0FFB44254D13190020D9DC /* GoogleService-Info.plist */; };
		2E0FFB8C254D1D750020D9DC /* SF-Pro-Rounded-Semibold.otf in Resources */ = {isa = PBXBuildFile; fileRef = 2E0FFB83254D1D750020D9DC /* SF-Pro-Rounded-Semibold.otf */; };
		2E0FFB8D254D1D750020D9DC /* SF-Pro-Rounded-Regular.otf in Resources */ = {isa = PBXBuildFile; fileRef = 2E0FFB84254D1D750020D9DC /* SF-Pro-Rounded-Regular.otf */; };
		2E0FFB8E254D1D750020D9DC /* SF-Pro-Rounded-Black.otf in Resources */ = {isa = PBXBuildFile; fileRef = 2E0FFB85254D1D750020D9DC /* SF-Pro-Rounded-Black.otf */; };
		2E0FFB8F254D1D750020D9DC /* SF-Pro-Rounded-Light.otf in Resources */ = {isa = PBXBuildFile; fileRef = 2E0FFB86254D1D750020D9DC /* SF-Pro-Rounded-Light.otf */; };
		2E0FFB90254D1D750020D9DC /* SF-Pro-Rounded-Thin.otf in Resources */ = {isa = PBXBuildFile; fileRef = 2E0FFB87254D1D750020D9DC /* SF-Pro-Rounded-Thin.otf */; };
		2E0FFB91254D1D750020D9DC /* SF-Pro-Rounded-Medium.otf in Resources */ = {isa = PBXBuildFile; fileRef = 2E0FFB88254D1D750020D9DC /* SF-Pro-Rounded-Medium.otf */; };
		2E0FFB92254D1D750020D9DC /* SF-Pro-Rounded-Ultralight.otf in Resources */ = {isa = PBXBuildFile; fileRef = 2E0FFB89254D1D750020D9DC /* SF-Pro-Rounded-Ultralight.otf */; };
		2E0FFB93254D1D750020D9DC /* SF-Pro-Rounded-Heavy.otf in Resources */ = {isa = PBXBuildFile; fileRef = 2E0FFB8A254D1D750020D9DC /* SF-Pro-Rounded-Heavy.otf */; };
		2E0FFB94254D1D750020D9DC /* SF-Pro-Rounded-Bold.otf in Resources */ = {isa = PBXBuildFile; fileRef = 2E0FFB8B254D1D750020D9DC /* SF-Pro-Rounded-Bold.otf */; };
		2E0FFBC3254D9D6D0020D9DC /* SignupViewController.storyboard in Resources */ = {isa = PBXBuildFile; fileRef = 2E0FFB98254D9B050020D9DC /* SignupViewController.storyboard */; };
		2E0FFBC5254D9D720020D9DC /* SignupViewController.swift in Sources */ = {isa = PBXBuildFile; fileRef = 2E4A3EA62208D37500988116 /* SignupViewController.swift */; };
		2E0FFC42254DB5800020D9DC /* BarcodeScannerController.swift in Sources */ = {isa = PBXBuildFile; fileRef = 2E0FFC41254DB5800020D9DC /* BarcodeScannerController.swift */; };
		2E0FFC47254DB8B50020D9DC /* BarcodeScannerViewController.swift in Sources */ = {isa = PBXBuildFile; fileRef = 2E0FFC45254DB8B50020D9DC /* BarcodeScannerViewController.swift */; };
		2E0FFC48254DB8B50020D9DC /* BarcodeScannerViewController.xib in Resources */ = {isa = PBXBuildFile; fileRef = 2E0FFC46254DB8B50020D9DC /* BarcodeScannerViewController.xib */; };
		2E0FFC5E254DBD860020D9DC /* VideoSessionController.swift in Sources */ = {isa = PBXBuildFile; fileRef = 2E0FFC5D254DBD860020D9DC /* VideoSessionController.swift */; };
		2E0FFCFC254DCDE60020D9DC /* ProductViewController.swift in Sources */ = {isa = PBXBuildFile; fileRef = 2E0FFCFB254DCDE60020D9DC /* ProductViewController.swift */; };
		2E0FFD00254DCE060020D9DC /* ProductViewController.storyboard in Resources */ = {isa = PBXBuildFile; fileRef = 2E0FFCFF254DCE060020D9DC /* ProductViewController.storyboard */; };
		2E0FFD05254DCFD90020D9DC /* ProductCollectionViewCell.swift in Sources */ = {isa = PBXBuildFile; fileRef = 2E0FFD03254DCFD90020D9DC /* ProductCollectionViewCell.swift */; };
		2E0FFD06254DCFD90020D9DC /* ProductCollectionViewCell.xib in Resources */ = {isa = PBXBuildFile; fileRef = 2E0FFD04254DCFD90020D9DC /* ProductCollectionViewCell.xib */; };
		2E0FFD3B254DDD260020D9DC /* SearchProductViewController.swift in Sources */ = {isa = PBXBuildFile; fileRef = 2E984787221D575800204A42 /* SearchProductViewController.swift */; };
		2E110A832550F203001ADACD /* CompletedCollectionViewCell.swift in Sources */ = {isa = PBXBuildFile; fileRef = 2E110A812550F203001ADACD /* CompletedCollectionViewCell.swift */; };
		2E110A842550F203001ADACD /* CompletedCollectionViewCell.xib in Resources */ = {isa = PBXBuildFile; fileRef = 2E110A822550F203001ADACD /* CompletedCollectionViewCell.xib */; };
		2E4A3E932208D2C800988116 /* AppDelegate.swift in Sources */ = {isa = PBXBuildFile; fileRef = 2E4A3E922208D2C800988116 /* AppDelegate.swift */; };
		2E4A3E9A2208D2CB00988116 /* Assets.xcassets in Resources */ = {isa = PBXBuildFile; fileRef = 2E4A3E992208D2CB00988116 /* Assets.xcassets */; };
		2E4A3E9D2208D2CB00988116 /* LaunchScreen.storyboard in Resources */ = {isa = PBXBuildFile; fileRef = 2E4A3E9B2208D2CB00988116 /* LaunchScreen.storyboard */; };
		2E4A3EAC2208D5D900988116 /* SignUpView.swift in Sources */ = {isa = PBXBuildFile; fileRef = 2E4A3EAB2208D5D900988116 /* SignUpView.swift */; };
		2E4A3EB02208E7A200988116 /* SignUpViewForm.swift in Sources */ = {isa = PBXBuildFile; fileRef = 2E4A3EAF2208E7A200988116 /* SignUpViewForm.swift */; };
		2E57C3CA220E506C00C89FFC /* CreateView.swift in Sources */ = {isa = PBXBuildFile; fileRef = 2E57C3C9220E506C00C89FFC /* CreateView.swift */; };
		2E63590E2224A2CD0053BBD9 /* ProductDataManager.swift in Sources */ = {isa = PBXBuildFile; fileRef = 2E63590D2224A2CD0053BBD9 /* ProductDataManager.swift */; };
		2E6359122224F8A30053BBD9 /* DatabaseManager.swift in Sources */ = {isa = PBXBuildFile; fileRef = 2E6359112224F8A30053BBD9 /* DatabaseManager.swift */; };
		2E7946A1220C816D00219B6A /* RatingCollectionViewCell.swift in Sources */ = {isa = PBXBuildFile; fileRef = 2E7946A0220C816D00219B6A /* RatingCollectionViewCell.swift */; };
		2E7946DF220CFABE00219B6A /* RatingViewController.swift in Sources */ = {isa = PBXBuildFile; fileRef = 2E7946DE220CFABE00219B6A /* RatingViewController.swift */; };
		2E7946E1220CFB8700219B6A /* RatingView.swift in Sources */ = {isa = PBXBuildFile; fileRef = 2E7946E0220CFB8700219B6A /* RatingView.swift */; };
		2E98478A221D57D600204A42 /* SearchView.swift in Sources */ = {isa = PBXBuildFile; fileRef = 2E984789221D57D600204A42 /* SearchView.swift */; };
		2E98478C221D5D4400204A42 /* ProductDisplayCell.swift in Sources */ = {isa = PBXBuildFile; fileRef = 2E98478B221D5D4400204A42 /* ProductDisplayCell.swift */; };
		2E997F94221B0E1600730ED7 /* HairProductDatabaseApiCleient.swift in Sources */ = {isa = PBXBuildFile; fileRef = 2E997F93221B0E1600730ED7 /* HairProductDatabaseApiCleient.swift */; };
		2E997F96221B0E2800730ED7 /* NetworkHelper.swift in Sources */ = {isa = PBXBuildFile; fileRef = 2E997F95221B0E2800730ED7 /* NetworkHelper.swift */; };
		2E997F98221B0E4700730ED7 /* Extension+Alerts.swift in Sources */ = {isa = PBXBuildFile; fileRef = 2E997F97221B0E4700730ED7 /* Extension+Alerts.swift */; };
		2E997F9A221B0FCF00730ED7 /* AppError.swift in Sources */ = {isa = PBXBuildFile; fileRef = 2E997F99221B0FCF00730ED7 /* AppError.swift */; };
		2E997F9C221B0FFD00730ED7 /* ImageCache.swift in Sources */ = {isa = PBXBuildFile; fileRef = 2E997F9B221B0FFD00730ED7 /* ImageCache.swift */; };
		2E997F9E221B18AA00730ED7 /* HairProductModel.swift in Sources */ = {isa = PBXBuildFile; fileRef = 2E997F9D221B18AA00730ED7 /* HairProductModel.swift */; };
		2E997FA0221B1EFD00730ED7 /* ShowProductViewController.swift in Sources */ = {isa = PBXBuildFile; fileRef = 2E997F9F221B1EFD00730ED7 /* ShowProductViewController.swift */; };
		2E997FA2221B200D00730ED7 /* HairProductView.swift in Sources */ = {isa = PBXBuildFile; fileRef = 2E997FA1221B200D00730ED7 /* HairProductView.swift */; };
		2E997FA8221B751300730ED7 /* OtherOptionsCell.swift in Sources */ = {isa = PBXBuildFile; fileRef = 2E997FA7221B751300730ED7 /* OtherOptionsCell.swift */; };
		2E997FAA221B99A300730ED7 /* DateExtension.swift in Sources */ = {isa = PBXBuildFile; fileRef = 2E997FA9221B99A300730ED7 /* DateExtension.swift */; };
		2E997FAC221BB5BE00730ED7 /* ProductCell.swift in Sources */ = {isa = PBXBuildFile; fileRef = 2E997FAB221BB5BE00730ED7 /* ProductCell.swift */; };
		2EA365A8220A2F0400FFDC5E /* UserModel.swift in Sources */ = {isa = PBXBuildFile; fileRef = 2EA365A7220A2F0400FFDC5E /* UserModel.swift */; };
		2EA365AA220A300C00FFDC5E /* PersistanceManager.swift in Sources */ = {isa = PBXBuildFile; fileRef = 2EA365A9220A300C00FFDC5E /* PersistanceManager.swift */; };
		2EA365B1220A598D00FFDC5E /* PerfectlyCraftedTabBarViewController.swift in Sources */ = {isa = PBXBuildFile; fileRef = 2EA365B0220A598D00FFDC5E /* PerfectlyCraftedTabBarViewController.swift */; };
		2EA365B3220A59A900FFDC5E /* ProfileViewController.swift in Sources */ = {isa = PBXBuildFile; fileRef = 2EA365B2220A59A900FFDC5E /* ProfileViewController.swift */; };
		2EA365B5220A59B900FFDC5E /* FeedsViewController.swift in Sources */ = {isa = PBXBuildFile; fileRef = 2EA365B4220A59B900FFDC5E /* FeedsViewController.swift */; };
		2EA365B7220A64E700FFDC5E /* LoginViewController.swift in Sources */ = {isa = PBXBuildFile; fileRef = 2EA365B6220A64E700FFDC5E /* LoginViewController.swift */; };
		2EA365B9220A678200FFDC5E /* LoginView.swift in Sources */ = {isa = PBXBuildFile; fileRef = 2EA365B8220A678200FFDC5E /* LoginView.swift */; };
		2EA365BB220A760800FFDC5E /* UserSession.swift in Sources */ = {isa = PBXBuildFile; fileRef = 2EA365BA220A760800FFDC5E /* UserSession.swift */; };
		2EAE6836254DE36300BE0E1E /* SearchProductViewController.storyboard in Resources */ = {isa = PBXBuildFile; fileRef = 2E0FFD0D254DDBF10020D9DC /* SearchProductViewController.storyboard */; };
		2EAE6839254E5F7200BE0E1E /* ProductDetailViewController.swift in Sources */ = {isa = PBXBuildFile; fileRef = 2EAE6838254E5F7200BE0E1E /* ProductDetailViewController.swift */; };
		2EAE683C254E5F7E00BE0E1E /* ProductDetailViewController.storyboard in Resources */ = {isa = PBXBuildFile; fileRef = 2EAE683B254E5F7E00BE0E1E /* ProductDetailViewController.storyboard */; };
		2EAE6841254F04AF00BE0E1E /* ProductManager.swift in Sources */ = {isa = PBXBuildFile; fileRef = 2EAE6840254F04AF00BE0E1E /* ProductManager.swift */; };
		2EAE6846254F0B9C00BE0E1E /* UserManager.swift in Sources */ = {isa = PBXBuildFile; fileRef = 2EAE6845254F0B9C00BE0E1E /* UserManager.swift */; };
		2EAE684A254F389600BE0E1E /* CategorySectionHeaderCollectionReusableView.swift in Sources */ = {isa = PBXBuildFile; fileRef = 2EAE6848254F389600BE0E1E /* CategorySectionHeaderCollectionReusableView.swift */; };
		2EAE684B254F389600BE0E1E /* CategorySectionHeaderCollectionReusableView.xib in Resources */ = {isa = PBXBuildFile; fileRef = 2EAE6849254F389600BE0E1E /* CategorySectionHeaderCollectionReusableView.xib */; };
		2EAE684F254F732D00BE0E1E /* AboutProductCollectionViewCell.swift in Sources */ = {isa = PBXBuildFile; fileRef = 2EAE684D254F732D00BE0E1E /* AboutProductCollectionViewCell.swift */; };
		2EAE6850254F732D00BE0E1E /* AboutProductCollectionViewCell.xib in Resources */ = {isa = PBXBuildFile; fileRef = 2EAE684E254F732D00BE0E1E /* AboutProductCollectionViewCell.xib */; };
		2EAE6854254F7AB400BE0E1E /* NSCoding+Nib.swift in Sources */ = {isa = PBXBuildFile; fileRef = 2EAE6853254F7AB400BE0E1E /* NSCoding+Nib.swift */; };
		2EAE6859254F86FE00BE0E1E /* AdditionalCollectionReusableView.swift in Sources */ = {isa = PBXBuildFile; fileRef = 2EAE6857254F86FE00BE0E1E /* AdditionalCollectionReusableView.swift */; };
		2EAE685A254F86FE00BE0E1E /* AdditionalCollectionReusableView.xib in Resources */ = {isa = PBXBuildFile; fileRef = 2EAE6858254F86FE00BE0E1E /* AdditionalCollectionReusableView.xib */; };
		2EAF931125854B4300D28BAC /* UIView+IBInspectable.swift in Sources */ = {isa = PBXBuildFile; fileRef = 2EAF931025854B4300D28BAC /* UIView+IBInspectable.swift */; };
		2EAF931C2585556900D28BAC /* UINavigationBar+Appearance.swift in Sources */ = {isa = PBXBuildFile; fileRef = 2EAF931B2585556900D28BAC /* UINavigationBar+Appearance.swift */; };
		2EB2A1802225B27B00525BD4 /* SetProfileViewController.swift in Sources */ = {isa = PBXBuildFile; fileRef = 2EB2A17F2225B27B00525BD4 /* SetProfileViewController.swift */; };
		2EB2A1822225B29700525BD4 /* SetUpProfileView.swift in Sources */ = {isa = PBXBuildFile; fileRef = 2EB2A1812225B29700525BD4 /* SetUpProfileView.swift */; };
		2EB2A1A52227077800525BD4 /* FirebaseCollectionKeys.swift in Sources */ = {isa = PBXBuildFile; fileRef = 2EB2A1A42227077800525BD4 /* FirebaseCollectionKeys.swift */; };
		2EB2A1A722272CC300525BD4 /* StorageManager.swift in Sources */ = {isa = PBXBuildFile; fileRef = 2EB2A1A622272CC300525BD4 /* StorageManager.swift */; };
		2EB2A1A922272DEF00525BD4 /* StorageKeys.swift in Sources */ = {isa = PBXBuildFile; fileRef = 2EB2A1A822272DEF00525BD4 /* StorageKeys.swift */; };
		2EC7B543223173AC00D165B1 /* SettingsTableViewController.swift in Sources */ = {isa = PBXBuildFile; fileRef = 2EC7B542223173AC00D165B1 /* SettingsTableViewController.swift */; };
		2EC7B5472231911700D165B1 /* EditProfileView.swift in Sources */ = {isa = PBXBuildFile; fileRef = 2EC7B5462231911700D165B1 /* EditProfileView.swift */; };
		2EDB0E4B222DC230006DB8EE /* HairTableViewCell.swift in Sources */ = {isa = PBXBuildFile; fileRef = 2EDB0E4A222DC230006DB8EE /* HairTableViewCell.swift */; };
		2EDB0E4D222DC49C006DB8EE /* ImageViewControllerExtension.swift in Sources */ = {isa = PBXBuildFile; fileRef = 2EDB0E4C222DC49C006DB8EE /* ImageViewControllerExtension.swift */; };
		2EDB0E4F222E1014006DB8EE /* FeedModel.swift in Sources */ = {isa = PBXBuildFile; fileRef = 2EDB0E4E222E1014006DB8EE /* FeedModel.swift */; };
		2EDB0E51222E1FCB006DB8EE /* PostFeedViewController.swift in Sources */ = {isa = PBXBuildFile; fileRef = 2EDB0E50222E1FCB006DB8EE /* PostFeedViewController.swift */; };
		2EED896722284C9E00ADDEBD /* ProfileOptions.storyboard in Resources */ = {isa = PBXBuildFile; fileRef = 2EED896622284C9E00ADDEBD /* ProfileOptions.storyboard */; };
		2EED896922284DED00ADDEBD /* HairProductsTableViewController.swift in Sources */ = {isa = PBXBuildFile; fileRef = 2EED896822284DED00ADDEBD /* HairProductsTableViewController.swift */; };
		2EED896D2229993700ADDEBD /* ProductModel.swift in Sources */ = {isa = PBXBuildFile; fileRef = 2EED896C2229993700ADDEBD /* ProductModel.swift */; };
		2EF31070256F1BF90021EB58 /* AccountCreationValidator.swift in Sources */ = {isa = PBXBuildFile; fileRef = 2EF3106F256F1BF90021EB58 /* AccountCreationValidator.swift */; };
		2EF32CDD22175881006E2B1F /* hairProducts.json in Resources */ = {isa = PBXBuildFile; fileRef = 2EF32CDC22175881006E2B1F /* hairProducts.json */; };
		5B5ED21B23538100000227D1 /* Feeds.storyboard in Resources */ = {isa = PBXBuildFile; fileRef = 5B5ED21A23538100000227D1 /* Feeds.storyboard */; };
		FC9347F15F9A725484B05A9C /* Pods_PerfectlyCreated.framework in Frameworks */ = {isa = PBXBuildFile; fileRef = E39970A1C8A29B5869A94404 /* Pods_PerfectlyCreated.framework */; };
/* End PBXBuildFile section */

/* Begin PBXFileReference section */
		06912C24DED2D80CF20857C7 /* Pods-PerfectlyCreated.release.xcconfig */ = {isa = PBXFileReference; includeInIndex = 1; lastKnownFileType = text.xcconfig; name = "Pods-PerfectlyCreated.release.xcconfig"; path = "Target Support Files/Pods-PerfectlyCreated/Pods-PerfectlyCreated.release.xcconfig"; sourceTree = "<group>"; };
		17697D8B626CFCCB7AB75DE0 /* Pods-PerfectlyCreated.debug.xcconfig */ = {isa = PBXFileReference; includeInIndex = 1; lastKnownFileType = text.xcconfig; name = "Pods-PerfectlyCreated.debug.xcconfig"; path = "Target Support Files/Pods-PerfectlyCreated/Pods-PerfectlyCreated.debug.xcconfig"; sourceTree = "<group>"; };
		2E04A4B3221A76460066568E /* PopUpViewController.swift */ = {isa = PBXFileReference; lastKnownFileType = sourcecode.swift; path = PopUpViewController.swift; sourceTree = "<group>"; };
		2E04A4B5221A76620066568E /* PopUpView.swift */ = {isa = PBXFileReference; lastKnownFileType = sourcecode.swift; path = PopUpView.swift; sourceTree = "<group>"; };
		2E063E66220B5E9C00D85406 /* ProfileView.swift */ = {isa = PBXFileReference; lastKnownFileType = sourcecode.swift; path = ProfileView.swift; sourceTree = "<group>"; };
		2E063E68220B629A00D85406 /* ProfileCollectionViewCell.swift */ = {isa = PBXFileReference; lastKnownFileType = sourcecode.swift; path = ProfileCollectionViewCell.swift; sourceTree = "<group>"; };
		2E063E6C220B77C500D85406 /* FeedsView.swift */ = {isa = PBXFileReference; lastKnownFileType = sourcecode.swift; path = FeedsView.swift; sourceTree = "<group>"; };
		2E063E6E220B78DC00D85406 /* FeedsCollectionViewCell.swift */ = {isa = PBXFileReference; lastKnownFileType = sourcecode.swift; path = FeedsCollectionViewCell.swift; sourceTree = "<group>"; };
		2E07D20A25588E700029FB36 /* NotesCollectionViewCell.swift */ = {isa = PBXFileReference; lastKnownFileType = sourcecode.swift; path = NotesCollectionViewCell.swift; sourceTree = "<group>"; };
		2E07D20B25588E700029FB36 /* NotesCollectionViewCell.xib */ = {isa = PBXFileReference; lastKnownFileType = file.xib; path = NotesCollectionViewCell.xib; sourceTree = "<group>"; };
		2E0FFB40254D0DE90020D9DC /* FeedsCollectionViewDataSource.swift */ = {isa = PBXFileReference; fileEncoding = 4; lastKnownFileType = sourcecode.swift; path = FeedsCollectionViewDataSource.swift; sourceTree = "<group>"; };
		2E0FFB44254D13190020D9DC /* GoogleService-Info.plist */ = {isa = PBXFileReference; fileEncoding = 4; lastKnownFileType = text.plist.xml; path = "GoogleService-Info.plist"; sourceTree = "<group>"; };
		2E0FFB83254D1D750020D9DC /* SF-Pro-Rounded-Semibold.otf */ = {isa = PBXFileReference; lastKnownFileType = file; path = "SF-Pro-Rounded-Semibold.otf"; sourceTree = "<group>"; };
		2E0FFB84254D1D750020D9DC /* SF-Pro-Rounded-Regular.otf */ = {isa = PBXFileReference; lastKnownFileType = file; path = "SF-Pro-Rounded-Regular.otf"; sourceTree = "<group>"; };
		2E0FFB85254D1D750020D9DC /* SF-Pro-Rounded-Black.otf */ = {isa = PBXFileReference; lastKnownFileType = file; path = "SF-Pro-Rounded-Black.otf"; sourceTree = "<group>"; };
		2E0FFB86254D1D750020D9DC /* SF-Pro-Rounded-Light.otf */ = {isa = PBXFileReference; lastKnownFileType = file; path = "SF-Pro-Rounded-Light.otf"; sourceTree = "<group>"; };
		2E0FFB87254D1D750020D9DC /* SF-Pro-Rounded-Thin.otf */ = {isa = PBXFileReference; lastKnownFileType = file; path = "SF-Pro-Rounded-Thin.otf"; sourceTree = "<group>"; };
		2E0FFB88254D1D750020D9DC /* SF-Pro-Rounded-Medium.otf */ = {isa = PBXFileReference; lastKnownFileType = file; path = "SF-Pro-Rounded-Medium.otf"; sourceTree = "<group>"; };
		2E0FFB89254D1D750020D9DC /* SF-Pro-Rounded-Ultralight.otf */ = {isa = PBXFileReference; lastKnownFileType = file; path = "SF-Pro-Rounded-Ultralight.otf"; sourceTree = "<group>"; };
		2E0FFB8A254D1D750020D9DC /* SF-Pro-Rounded-Heavy.otf */ = {isa = PBXFileReference; lastKnownFileType = file; path = "SF-Pro-Rounded-Heavy.otf"; sourceTree = "<group>"; };
		2E0FFB8B254D1D750020D9DC /* SF-Pro-Rounded-Bold.otf */ = {isa = PBXFileReference; lastKnownFileType = file; path = "SF-Pro-Rounded-Bold.otf"; sourceTree = "<group>"; };
		2E0FFB98254D9B050020D9DC /* SignupViewController.storyboard */ = {isa = PBXFileReference; lastKnownFileType = file.storyboard; path = SignupViewController.storyboard; sourceTree = "<group>"; };
		2E0FFC41254DB5800020D9DC /* BarcodeScannerController.swift */ = {isa = PBXFileReference; lastKnownFileType = sourcecode.swift; path = BarcodeScannerController.swift; sourceTree = "<group>"; };
		2E0FFC45254DB8B50020D9DC /* BarcodeScannerViewController.swift */ = {isa = PBXFileReference; lastKnownFileType = sourcecode.swift; path = BarcodeScannerViewController.swift; sourceTree = "<group>"; };
		2E0FFC46254DB8B50020D9DC /* BarcodeScannerViewController.xib */ = {isa = PBXFileReference; lastKnownFileType = file.xib; path = BarcodeScannerViewController.xib; sourceTree = "<group>"; };
		2E0FFC5D254DBD860020D9DC /* VideoSessionController.swift */ = {isa = PBXFileReference; lastKnownFileType = sourcecode.swift; path = VideoSessionController.swift; sourceTree = "<group>"; };
		2E0FFCFB254DCDE60020D9DC /* ProductViewController.swift */ = {isa = PBXFileReference; lastKnownFileType = sourcecode.swift; path = ProductViewController.swift; sourceTree = "<group>"; };
		2E0FFCFF254DCE060020D9DC /* ProductViewController.storyboard */ = {isa = PBXFileReference; lastKnownFileType = file.storyboard; path = ProductViewController.storyboard; sourceTree = "<group>"; };
		2E0FFD03254DCFD90020D9DC /* ProductCollectionViewCell.swift */ = {isa = PBXFileReference; lastKnownFileType = sourcecode.swift; path = ProductCollectionViewCell.swift; sourceTree = "<group>"; };
		2E0FFD04254DCFD90020D9DC /* ProductCollectionViewCell.xib */ = {isa = PBXFileReference; lastKnownFileType = file.xib; path = ProductCollectionViewCell.xib; sourceTree = "<group>"; };
		2E0FFD0D254DDBF10020D9DC /* SearchProductViewController.storyboard */ = {isa = PBXFileReference; lastKnownFileType = file.storyboard; path = SearchProductViewController.storyboard; sourceTree = "<group>"; };
		2E110A812550F203001ADACD /* CompletedCollectionViewCell.swift */ = {isa = PBXFileReference; lastKnownFileType = sourcecode.swift; path = CompletedCollectionViewCell.swift; sourceTree = "<group>"; };
		2E110A822550F203001ADACD /* CompletedCollectionViewCell.xib */ = {isa = PBXFileReference; lastKnownFileType = file.xib; path = CompletedCollectionViewCell.xib; sourceTree = "<group>"; };
		2E4A3E8F2208D2C800988116 /* PerfectlyCreated.app */ = {isa = PBXFileReference; explicitFileType = wrapper.application; includeInIndex = 0; path = PerfectlyCreated.app; sourceTree = BUILT_PRODUCTS_DIR; };
		2E4A3E922208D2C800988116 /* AppDelegate.swift */ = {isa = PBXFileReference; lastKnownFileType = sourcecode.swift; path = AppDelegate.swift; sourceTree = "<group>"; };
		2E4A3E992208D2CB00988116 /* Assets.xcassets */ = {isa = PBXFileReference; lastKnownFileType = folder.assetcatalog; path = Assets.xcassets; sourceTree = "<group>"; };
		2E4A3E9C2208D2CB00988116 /* Base */ = {isa = PBXFileReference; lastKnownFileType = file.storyboard; name = Base; path = Base.lproj/LaunchScreen.storyboard; sourceTree = "<group>"; };
		2E4A3E9E2208D2CB00988116 /* Info.plist */ = {isa = PBXFileReference; lastKnownFileType = text.plist.xml; path = Info.plist; sourceTree = "<group>"; };
		2E4A3EA62208D37500988116 /* SignupViewController.swift */ = {isa = PBXFileReference; lastKnownFileType = sourcecode.swift; path = SignupViewController.swift; sourceTree = "<group>"; };
		2E4A3EAB2208D5D900988116 /* SignUpView.swift */ = {isa = PBXFileReference; lastKnownFileType = sourcecode.swift; path = SignUpView.swift; sourceTree = "<group>"; };
		2E4A3EAF2208E7A200988116 /* SignUpViewForm.swift */ = {isa = PBXFileReference; lastKnownFileType = sourcecode.swift; path = SignUpViewForm.swift; sourceTree = "<group>"; };
		2E57C3C9220E506C00C89FFC /* CreateView.swift */ = {isa = PBXFileReference; lastKnownFileType = sourcecode.swift; path = CreateView.swift; sourceTree = "<group>"; };
		2E63590D2224A2CD0053BBD9 /* ProductDataManager.swift */ = {isa = PBXFileReference; lastKnownFileType = sourcecode.swift; path = ProductDataManager.swift; sourceTree = "<group>"; };
		2E6359112224F8A30053BBD9 /* DatabaseManager.swift */ = {isa = PBXFileReference; lastKnownFileType = sourcecode.swift; path = DatabaseManager.swift; sourceTree = "<group>"; };
		2E7946A0220C816D00219B6A /* RatingCollectionViewCell.swift */ = {isa = PBXFileReference; lastKnownFileType = sourcecode.swift; path = RatingCollectionViewCell.swift; sourceTree = "<group>"; };
		2E7946DE220CFABE00219B6A /* RatingViewController.swift */ = {isa = PBXFileReference; lastKnownFileType = sourcecode.swift; path = RatingViewController.swift; sourceTree = "<group>"; };
		2E7946E0220CFB8700219B6A /* RatingView.swift */ = {isa = PBXFileReference; lastKnownFileType = sourcecode.swift; path = RatingView.swift; sourceTree = "<group>"; };
		2E984787221D575800204A42 /* SearchProductViewController.swift */ = {isa = PBXFileReference; lastKnownFileType = sourcecode.swift; path = SearchProductViewController.swift; sourceTree = "<group>"; };
		2E984789221D57D600204A42 /* SearchView.swift */ = {isa = PBXFileReference; lastKnownFileType = sourcecode.swift; path = SearchView.swift; sourceTree = "<group>"; };
		2E98478B221D5D4400204A42 /* ProductDisplayCell.swift */ = {isa = PBXFileReference; lastKnownFileType = sourcecode.swift; path = ProductDisplayCell.swift; sourceTree = "<group>"; };
		2E997F93221B0E1600730ED7 /* HairProductDatabaseApiCleient.swift */ = {isa = PBXFileReference; lastKnownFileType = sourcecode.swift; path = HairProductDatabaseApiCleient.swift; sourceTree = "<group>"; };
		2E997F95221B0E2800730ED7 /* NetworkHelper.swift */ = {isa = PBXFileReference; lastKnownFileType = sourcecode.swift; path = NetworkHelper.swift; sourceTree = "<group>"; };
		2E997F97221B0E4700730ED7 /* Extension+Alerts.swift */ = {isa = PBXFileReference; lastKnownFileType = sourcecode.swift; path = "Extension+Alerts.swift"; sourceTree = "<group>"; };
		2E997F99221B0FCF00730ED7 /* AppError.swift */ = {isa = PBXFileReference; lastKnownFileType = sourcecode.swift; path = AppError.swift; sourceTree = "<group>"; };
		2E997F9B221B0FFD00730ED7 /* ImageCache.swift */ = {isa = PBXFileReference; lastKnownFileType = sourcecode.swift; path = ImageCache.swift; sourceTree = "<group>"; };
		2E997F9D221B18AA00730ED7 /* HairProductModel.swift */ = {isa = PBXFileReference; lastKnownFileType = sourcecode.swift; path = HairProductModel.swift; sourceTree = "<group>"; };
		2E997F9F221B1EFD00730ED7 /* ShowProductViewController.swift */ = {isa = PBXFileReference; lastKnownFileType = sourcecode.swift; path = ShowProductViewController.swift; sourceTree = "<group>"; };
		2E997FA1221B200D00730ED7 /* HairProductView.swift */ = {isa = PBXFileReference; lastKnownFileType = sourcecode.swift; path = HairProductView.swift; sourceTree = "<group>"; };
		2E997FA7221B751300730ED7 /* OtherOptionsCell.swift */ = {isa = PBXFileReference; lastKnownFileType = sourcecode.swift; path = OtherOptionsCell.swift; sourceTree = "<group>"; };
		2E997FA9221B99A300730ED7 /* DateExtension.swift */ = {isa = PBXFileReference; lastKnownFileType = sourcecode.swift; path = DateExtension.swift; sourceTree = "<group>"; };
		2E997FAB221BB5BE00730ED7 /* ProductCell.swift */ = {isa = PBXFileReference; lastKnownFileType = sourcecode.swift; path = ProductCell.swift; sourceTree = "<group>"; };
		2EA365A7220A2F0400FFDC5E /* UserModel.swift */ = {isa = PBXFileReference; lastKnownFileType = sourcecode.swift; path = UserModel.swift; sourceTree = "<group>"; };
		2EA365A9220A300C00FFDC5E /* PersistanceManager.swift */ = {isa = PBXFileReference; lastKnownFileType = sourcecode.swift; path = PersistanceManager.swift; sourceTree = "<group>"; };
		2EA365B0220A598D00FFDC5E /* PerfectlyCraftedTabBarViewController.swift */ = {isa = PBXFileReference; lastKnownFileType = sourcecode.swift; path = PerfectlyCraftedTabBarViewController.swift; sourceTree = "<group>"; };
		2EA365B2220A59A900FFDC5E /* ProfileViewController.swift */ = {isa = PBXFileReference; lastKnownFileType = sourcecode.swift; path = ProfileViewController.swift; sourceTree = "<group>"; };
		2EA365B4220A59B900FFDC5E /* FeedsViewController.swift */ = {isa = PBXFileReference; lastKnownFileType = sourcecode.swift; path = FeedsViewController.swift; sourceTree = "<group>"; };
		2EA365B6220A64E700FFDC5E /* LoginViewController.swift */ = {isa = PBXFileReference; lastKnownFileType = sourcecode.swift; path = LoginViewController.swift; sourceTree = "<group>"; };
		2EA365B8220A678200FFDC5E /* LoginView.swift */ = {isa = PBXFileReference; lastKnownFileType = sourcecode.swift; path = LoginView.swift; sourceTree = "<group>"; };
		2EA365BA220A760800FFDC5E /* UserSession.swift */ = {isa = PBXFileReference; lastKnownFileType = sourcecode.swift; path = UserSession.swift; sourceTree = "<group>"; };
		2EAE6838254E5F7200BE0E1E /* ProductDetailViewController.swift */ = {isa = PBXFileReference; lastKnownFileType = sourcecode.swift; path = ProductDetailViewController.swift; sourceTree = "<group>"; };
		2EAE683B254E5F7E00BE0E1E /* ProductDetailViewController.storyboard */ = {isa = PBXFileReference; lastKnownFileType = file.storyboard; path = ProductDetailViewController.storyboard; sourceTree = "<group>"; };
		2EAE6840254F04AF00BE0E1E /* ProductManager.swift */ = {isa = PBXFileReference; lastKnownFileType = sourcecode.swift; path = ProductManager.swift; sourceTree = "<group>"; };
		2EAE6845254F0B9C00BE0E1E /* UserManager.swift */ = {isa = PBXFileReference; lastKnownFileType = sourcecode.swift; path = UserManager.swift; sourceTree = "<group>"; };
		2EAE6848254F389600BE0E1E /* CategorySectionHeaderCollectionReusableView.swift */ = {isa = PBXFileReference; lastKnownFileType = sourcecode.swift; path = CategorySectionHeaderCollectionReusableView.swift; sourceTree = "<group>"; };
		2EAE6849254F389600BE0E1E /* CategorySectionHeaderCollectionReusableView.xib */ = {isa = PBXFileReference; lastKnownFileType = file.xib; path = CategorySectionHeaderCollectionReusableView.xib; sourceTree = "<group>"; };
		2EAE684D254F732D00BE0E1E /* AboutProductCollectionViewCell.swift */ = {isa = PBXFileReference; lastKnownFileType = sourcecode.swift; path = AboutProductCollectionViewCell.swift; sourceTree = "<group>"; };
		2EAE684E254F732D00BE0E1E /* AboutProductCollectionViewCell.xib */ = {isa = PBXFileReference; lastKnownFileType = file.xib; path = AboutProductCollectionViewCell.xib; sourceTree = "<group>"; };
		2EAE6853254F7AB400BE0E1E /* NSCoding+Nib.swift */ = {isa = PBXFileReference; lastKnownFileType = sourcecode.swift; path = "NSCoding+Nib.swift"; sourceTree = "<group>"; };
		2EAE6857254F86FE00BE0E1E /* AdditionalCollectionReusableView.swift */ = {isa = PBXFileReference; lastKnownFileType = sourcecode.swift; path = AdditionalCollectionReusableView.swift; sourceTree = "<group>"; };
		2EAE6858254F86FE00BE0E1E /* AdditionalCollectionReusableView.xib */ = {isa = PBXFileReference; lastKnownFileType = file.xib; path = AdditionalCollectionReusableView.xib; sourceTree = "<group>"; };
		2EAF931025854B4300D28BAC /* UIView+IBInspectable.swift */ = {isa = PBXFileReference; lastKnownFileType = sourcecode.swift; path = "UIView+IBInspectable.swift"; sourceTree = "<group>"; };
		2EAF931B2585556900D28BAC /* UINavigationBar+Appearance.swift */ = {isa = PBXFileReference; fileEncoding = 4; lastKnownFileType = sourcecode.swift; path = "UINavigationBar+Appearance.swift"; sourceTree = "<group>"; };
		2EB2A17F2225B27B00525BD4 /* SetProfileViewController.swift */ = {isa = PBXFileReference; lastKnownFileType = sourcecode.swift; path = SetProfileViewController.swift; sourceTree = "<group>"; };
		2EB2A1812225B29700525BD4 /* SetUpProfileView.swift */ = {isa = PBXFileReference; lastKnownFileType = sourcecode.swift; path = SetUpProfileView.swift; sourceTree = "<group>"; };
		2EB2A1A42227077800525BD4 /* FirebaseCollectionKeys.swift */ = {isa = PBXFileReference; lastKnownFileType = sourcecode.swift; path = FirebaseCollectionKeys.swift; sourceTree = "<group>"; };
		2EB2A1A622272CC300525BD4 /* StorageManager.swift */ = {isa = PBXFileReference; lastKnownFileType = sourcecode.swift; path = StorageManager.swift; sourceTree = "<group>"; };
		2EB2A1A822272DEF00525BD4 /* StorageKeys.swift */ = {isa = PBXFileReference; lastKnownFileType = sourcecode.swift; path = StorageKeys.swift; sourceTree = "<group>"; };
		2EC7B542223173AC00D165B1 /* SettingsTableViewController.swift */ = {isa = PBXFileReference; lastKnownFileType = sourcecode.swift; path = SettingsTableViewController.swift; sourceTree = "<group>"; };
		2EC7B5462231911700D165B1 /* EditProfileView.swift */ = {isa = PBXFileReference; lastKnownFileType = sourcecode.swift; path = EditProfileView.swift; sourceTree = "<group>"; };
		2EDB0E4A222DC230006DB8EE /* HairTableViewCell.swift */ = {isa = PBXFileReference; lastKnownFileType = sourcecode.swift; path = HairTableViewCell.swift; sourceTree = "<group>"; };
		2EDB0E4C222DC49C006DB8EE /* ImageViewControllerExtension.swift */ = {isa = PBXFileReference; lastKnownFileType = sourcecode.swift; path = ImageViewControllerExtension.swift; sourceTree = "<group>"; };
		2EDB0E4E222E1014006DB8EE /* FeedModel.swift */ = {isa = PBXFileReference; lastKnownFileType = sourcecode.swift; path = FeedModel.swift; sourceTree = "<group>"; };
		2EDB0E50222E1FCB006DB8EE /* PostFeedViewController.swift */ = {isa = PBXFileReference; lastKnownFileType = sourcecode.swift; path = PostFeedViewController.swift; sourceTree = "<group>"; };
		2EED896622284C9E00ADDEBD /* ProfileOptions.storyboard */ = {isa = PBXFileReference; lastKnownFileType = file.storyboard; path = ProfileOptions.storyboard; sourceTree = "<group>"; };
		2EED896822284DED00ADDEBD /* HairProductsTableViewController.swift */ = {isa = PBXFileReference; lastKnownFileType = sourcecode.swift; path = HairProductsTableViewController.swift; sourceTree = "<group>"; };
		2EED896C2229993700ADDEBD /* ProductModel.swift */ = {isa = PBXFileReference; lastKnownFileType = sourcecode.swift; path = ProductModel.swift; sourceTree = "<group>"; };
		2EF3106F256F1BF90021EB58 /* AccountCreationValidator.swift */ = {isa = PBXFileReference; lastKnownFileType = sourcecode.swift; path = AccountCreationValidator.swift; sourceTree = "<group>"; };
		2EF32CDC22175881006E2B1F /* hairProducts.json */ = {isa = PBXFileReference; lastKnownFileType = text.json; path = hairProducts.json; sourceTree = "<group>"; };
		5B5ED21A23538100000227D1 /* Feeds.storyboard */ = {isa = PBXFileReference; lastKnownFileType = file.storyboard; path = Feeds.storyboard; sourceTree = "<group>"; };
		E39970A1C8A29B5869A94404 /* Pods_PerfectlyCreated.framework */ = {isa = PBXFileReference; explicitFileType = wrapper.framework; includeInIndex = 0; path = Pods_PerfectlyCreated.framework; sourceTree = BUILT_PRODUCTS_DIR; };
/* End PBXFileReference section */

/* Begin PBXFrameworksBuildPhase section */
		2E4A3E8C2208D2C800988116 /* Frameworks */ = {
			isa = PBXFrameworksBuildPhase;
			buildActionMask = 2147483647;
			files = (
				FC9347F15F9A725484B05A9C /* Pods_PerfectlyCreated.framework in Frameworks */,
			);
			runOnlyForDeploymentPostprocessing = 0;
		};
/* End PBXFrameworksBuildPhase section */

/* Begin PBXGroup section */
		2E07D20725588D990029FB36 /* Views */ = {
			isa = PBXGroup;
			children = (
				2E0FFD03254DCFD90020D9DC /* ProductCollectionViewCell.swift */,
				2E0FFD04254DCFD90020D9DC /* ProductCollectionViewCell.xib */,
				2EAE6848254F389600BE0E1E /* CategorySectionHeaderCollectionReusableView.swift */,
				2EAE6849254F389600BE0E1E /* CategorySectionHeaderCollectionReusableView.xib */,
				2EAE684D254F732D00BE0E1E /* AboutProductCollectionViewCell.swift */,
				2EAE684E254F732D00BE0E1E /* AboutProductCollectionViewCell.xib */,
				2EAE6857254F86FE00BE0E1E /* AdditionalCollectionReusableView.swift */,
				2EAE6858254F86FE00BE0E1E /* AdditionalCollectionReusableView.xib */,
				2E110A812550F203001ADACD /* CompletedCollectionViewCell.swift */,
				2E110A822550F203001ADACD /* CompletedCollectionViewCell.xib */,
				2E07D20A25588E700029FB36 /* NotesCollectionViewCell.swift */,
				2E07D20B25588E700029FB36 /* NotesCollectionViewCell.xib */,
			);
			path = Views;
			sourceTree = "<group>";
		};
		2E0FFB82254D1D750020D9DC /* Fonts */ = {
			isa = PBXGroup;
			children = (
				2E0FFB83254D1D750020D9DC /* SF-Pro-Rounded-Semibold.otf */,
				2E0FFB84254D1D750020D9DC /* SF-Pro-Rounded-Regular.otf */,
				2E0FFB85254D1D750020D9DC /* SF-Pro-Rounded-Black.otf */,
				2E0FFB86254D1D750020D9DC /* SF-Pro-Rounded-Light.otf */,
				2E0FFB87254D1D750020D9DC /* SF-Pro-Rounded-Thin.otf */,
				2E0FFB88254D1D750020D9DC /* SF-Pro-Rounded-Medium.otf */,
				2E0FFB89254D1D750020D9DC /* SF-Pro-Rounded-Ultralight.otf */,
				2E0FFB8A254D1D750020D9DC /* SF-Pro-Rounded-Heavy.otf */,
				2E0FFB8B254D1D750020D9DC /* SF-Pro-Rounded-Bold.otf */,
			);
			path = Fonts;
			sourceTree = "<group>";
		};
		2E0FFB97254D9AEC0020D9DC /* AccountCreation */ = {
			isa = PBXGroup;
			children = (
				2E0FFB98254D9B050020D9DC /* SignupViewController.storyboard */,
				2E4A3EA62208D37500988116 /* SignupViewController.swift */,
				2EF3106F256F1BF90021EB58 /* AccountCreationValidator.swift */,
			);
			path = AccountCreation;
			sourceTree = "<group>";
		};
		2E0FFC40254DB5340020D9DC /* BarcodeScanner */ = {
			isa = PBXGroup;
			children = (
				2E0FFC41254DB5800020D9DC /* BarcodeScannerController.swift */,
				2E0FFC45254DB8B50020D9DC /* BarcodeScannerViewController.swift */,
				2E0FFC46254DB8B50020D9DC /* BarcodeScannerViewController.xib */,
				2E0FFC5D254DBD860020D9DC /* VideoSessionController.swift */,
			);
			path = BarcodeScanner;
			sourceTree = "<group>";
		};
		2E0FFCFA254DCDC50020D9DC /* Product */ = {
			isa = PBXGroup;
			children = (
				2E0FFCFB254DCDE60020D9DC /* ProductViewController.swift */,
				2E0FFCFF254DCE060020D9DC /* ProductViewController.storyboard */,
				2E07D20725588D990029FB36 /* Views */,
				2EAE6838254E5F7200BE0E1E /* ProductDetailViewController.swift */,
				2EAE683B254E5F7E00BE0E1E /* ProductDetailViewController.storyboard */,
			);
			path = Product;
			sourceTree = "<group>";
		};
		2E0FFD0C254DDBDC0020D9DC /* SearchController */ = {
			isa = PBXGroup;
			children = (
				2E0FFD0D254DDBF10020D9DC /* SearchProductViewController.storyboard */,
				2E984787221D575800204A42 /* SearchProductViewController.swift */,
			);
			path = SearchController;
			sourceTree = "<group>";
		};
		2E4A3E862208D2C800988116 = {
			isa = PBXGroup;
			children = (
				2E4A3E912208D2C800988116 /* PerfectlyCreated */,
				2E4A3E902208D2C800988116 /* Products */,
				59E3D6A9E1C5CBD750C6D823 /* Pods */,
				A3DDDD0BB55AB90653F0FE89 /* Frameworks */,
			);
			sourceTree = "<group>";
		};
		2E4A3E902208D2C800988116 /* Products */ = {
			isa = PBXGroup;
			children = (
				2E4A3E8F2208D2C800988116 /* PerfectlyCreated.app */,
			);
			name = Products;
			sourceTree = "<group>";
		};
		2E4A3E912208D2C800988116 /* PerfectlyCreated */ = {
			isa = PBXGroup;
			children = (
				2EAE6852254F7A9C00BE0E1E /* Extension */,
				2E0FFD0C254DDBDC0020D9DC /* SearchController */,
				2E0FFCFA254DCDC50020D9DC /* Product */,
				2E0FFC40254DB5340020D9DC /* BarcodeScanner */,
				2E0FFB97254D9AEC0020D9DC /* AccountCreation */,
				5B5ED219235380BF000227D1 /* Feed */,
				2EA365AB220A301400FFDC5E /* Model */,
				2E4A3EB12208E7B100988116 /* Views */,
				2E4A3EA82208D37B00988116 /* Controller */,
				2EED896B22298A1C00ADDEBD /* Firebase Files */,
				2EED896A222989D000ADDEBD /* IceBoxItems */,
				2EA365AC220A302200FFDC5E /* NetworkServices */,
				2EA365AD220A303000FFDC5E /* SupportingFiles */,
				2E0FFB82254D1D750020D9DC /* Fonts */,
				2E4A3E9E2208D2CB00988116 /* Info.plist */,
				2E0FFB44254D13190020D9DC /* GoogleService-Info.plist */,
			);
			path = PerfectlyCreated;
			sourceTree = "<group>";
		};
		2E4A3EA82208D37B00988116 /* Controller */ = {
			isa = PBXGroup;
			children = (
				2EB2A17F2225B27B00525BD4 /* SetProfileViewController.swift */,
				2EDB0E50222E1FCB006DB8EE /* PostFeedViewController.swift */,
				2EED896822284DED00ADDEBD /* HairProductsTableViewController.swift */,
				2EA365B4220A59B900FFDC5E /* FeedsViewController.swift */,
				2EA365B6220A64E700FFDC5E /* LoginViewController.swift */,
				2EA365B2220A59A900FFDC5E /* ProfileViewController.swift */,
				2EC7B542223173AC00D165B1 /* SettingsTableViewController.swift */,
				2EA365B0220A598D00FFDC5E /* PerfectlyCraftedTabBarViewController.swift */,
				2E997F9F221B1EFD00730ED7 /* ShowProductViewController.swift */,
			);
			path = Controller;
			sourceTree = "<group>";
		};
		2E4A3EB12208E7B100988116 /* Views */ = {
			isa = PBXGroup;
			children = (
				2EED896622284C9E00ADDEBD /* ProfileOptions.storyboard */,
				2EC7B5462231911700D165B1 /* EditProfileView.swift */,
				2EB2A1812225B29700525BD4 /* SetUpProfileView.swift */,
				2E063E6C220B77C500D85406 /* FeedsView.swift */,
				2E997FA1221B200D00730ED7 /* HairProductView.swift */,
				2EA365B8220A678200FFDC5E /* LoginView.swift */,
				2E997FA7221B751300730ED7 /* OtherOptionsCell.swift */,
				2E04A4B5221A76620066568E /* PopUpView.swift */,
				2E997FAB221BB5BE00730ED7 /* ProductCell.swift */,
				2E063E66220B5E9C00D85406 /* ProfileView.swift */,
				2E98478B221D5D4400204A42 /* ProductDisplayCell.swift */,
				2E4A3EAB2208D5D900988116 /* SignUpView.swift */,
				2E4A3EAF2208E7A200988116 /* SignUpViewForm.swift */,
				2E063E68220B629A00D85406 /* ProfileCollectionViewCell.swift */,
				2E063E6E220B78DC00D85406 /* FeedsCollectionViewCell.swift */,
				2EDB0E4A222DC230006DB8EE /* HairTableViewCell.swift */,
				2E984789221D57D600204A42 /* SearchView.swift */,
			);
			path = Views;
			sourceTree = "<group>";
		};
		2EA365AB220A301400FFDC5E /* Model */ = {
			isa = PBXGroup;
			children = (
				2E997F9D221B18AA00730ED7 /* HairProductModel.swift */,
				2EED896C2229993700ADDEBD /* ProductModel.swift */,
				2EA365A7220A2F0400FFDC5E /* UserModel.swift */,
				2EDB0E4E222E1014006DB8EE /* FeedModel.swift */,
				2EA365BA220A760800FFDC5E /* UserSession.swift */,
			);
			path = Model;
			sourceTree = "<group>";
		};
		2EA365AC220A302200FFDC5E /* NetworkServices */ = {
			isa = PBXGroup;
			children = (
				2EDB0E4C222DC49C006DB8EE /* ImageViewControllerExtension.swift */,
				2E997F99221B0FCF00730ED7 /* AppError.swift */,
				2E997F97221B0E4700730ED7 /* Extension+Alerts.swift */,
				2E997FA9221B99A300730ED7 /* DateExtension.swift */,
				2E997F93221B0E1600730ED7 /* HairProductDatabaseApiCleient.swift */,
				2E997F9B221B0FFD00730ED7 /* ImageCache.swift */,
				2E997F95221B0E2800730ED7 /* NetworkHelper.swift */,
				2EA365A9220A300C00FFDC5E /* PersistanceManager.swift */,
				2E63590D2224A2CD0053BBD9 /* ProductDataManager.swift */,
			);
			path = NetworkServices;
			sourceTree = "<group>";
		};
		2EA365AD220A303000FFDC5E /* SupportingFiles */ = {
			isa = PBXGroup;
			children = (
				2E4A3E922208D2C800988116 /* AppDelegate.swift */,
				2E4A3E992208D2CB00988116 /* Assets.xcassets */,
				2E4A3E9B2208D2CB00988116 /* LaunchScreen.storyboard */,
				2EF32CDC22175881006E2B1F /* hairProducts.json */,
			);
			path = SupportingFiles;
			sourceTree = "<group>";
		};
		2EAE6852254F7A9C00BE0E1E /* Extension */ = {
			isa = PBXGroup;
			children = (
				2EAF931B2585556900D28BAC /* UINavigationBar+Appearance.swift */,
				2EAE6853254F7AB400BE0E1E /* NSCoding+Nib.swift */,
				2EAF931025854B4300D28BAC /* UIView+IBInspectable.swift */,
			);
			path = Extension;
			sourceTree = "<group>";
		};
		2EED896A222989D000ADDEBD /* IceBoxItems */ = {
			isa = PBXGroup;
			children = (
				2E04A4B3221A76460066568E /* PopUpViewController.swift */,
				2E57C3C9220E506C00C89FFC /* CreateView.swift */,
				2E7946A0220C816D00219B6A /* RatingCollectionViewCell.swift */,
				2E7946E0220CFB8700219B6A /* RatingView.swift */,
				2E7946DE220CFABE00219B6A /* RatingViewController.swift */,
			);
			path = IceBoxItems;
			sourceTree = "<group>";
		};
		2EED896B22298A1C00ADDEBD /* Firebase Files */ = {
			isa = PBXGroup;
			children = (
				2EB2A1A622272CC300525BD4 /* StorageManager.swift */,
				2E6359112224F8A30053BBD9 /* DatabaseManager.swift */,
				2EB2A1A42227077800525BD4 /* FirebaseCollectionKeys.swift */,
				2EB2A1A822272DEF00525BD4 /* StorageKeys.swift */,
				2EAE6840254F04AF00BE0E1E /* ProductManager.swift */,
				2EAE6845254F0B9C00BE0E1E /* UserManager.swift */,
			);
			path = "Firebase Files";
			sourceTree = "<group>";
		};
		59E3D6A9E1C5CBD750C6D823 /* Pods */ = {
			isa = PBXGroup;
			children = (
				17697D8B626CFCCB7AB75DE0 /* Pods-PerfectlyCreated.debug.xcconfig */,
				06912C24DED2D80CF20857C7 /* Pods-PerfectlyCreated.release.xcconfig */,
			);
			path = Pods;
			sourceTree = "<group>";
		};
		5B5ED219235380BF000227D1 /* Feed */ = {
			isa = PBXGroup;
			children = (
				5B5ED21F235382AB000227D1 /* DataSource */,
				5B5ED21C2353810B000227D1 /* Views */,
			);
			path = Feed;
			sourceTree = "<group>";
		};
		5B5ED21C2353810B000227D1 /* Views */ = {
			isa = PBXGroup;
			children = (
				5B5ED21A23538100000227D1 /* Feeds.storyboard */,
			);
			path = Views;
			sourceTree = "<group>";
		};
		5B5ED21F235382AB000227D1 /* DataSource */ = {
			isa = PBXGroup;
			children = (
				2E0FFB40254D0DE90020D9DC /* FeedsCollectionViewDataSource.swift */,
			);
			path = DataSource;
			sourceTree = "<group>";
		};
		A3DDDD0BB55AB90653F0FE89 /* Frameworks */ = {
			isa = PBXGroup;
			children = (
				E39970A1C8A29B5869A94404 /* Pods_PerfectlyCreated.framework */,
			);
			name = Frameworks;
			sourceTree = "<group>";
		};
/* End PBXGroup section */

/* Begin PBXNativeTarget section */
		2E4A3E8E2208D2C800988116 /* PerfectlyCreated */ = {
			isa = PBXNativeTarget;
			buildConfigurationList = 2E4A3EA12208D2CB00988116 /* Build configuration list for PBXNativeTarget "PerfectlyCreated" */;
			buildPhases = (
				69ADB6DC5F3DE97926C4D582 /* [CP] Check Pods Manifest.lock */,
				2E4A3E8B2208D2C800988116 /* Sources */,
				2E4A3E8C2208D2C800988116 /* Frameworks */,
				2E4A3E8D2208D2C800988116 /* Resources */,
				9AFA7477CAD85CD806847075 /* [CP] Embed Pods Frameworks */,
			);
			buildRules = (
			);
			dependencies = (
			);
			name = PerfectlyCreated;
			productName = PerfectlyCrafted;
			productReference = 2E4A3E8F2208D2C800988116 /* PerfectlyCreated.app */;
			productType = "com.apple.product-type.application";
		};
/* End PBXNativeTarget section */

/* Begin PBXProject section */
		2E4A3E872208D2C800988116 /* Project object */ = {
			isa = PBXProject;
			attributes = {
				LastSwiftUpdateCheck = 1010;
				LastUpgradeCheck = 1010;
				ORGANIZATIONNAME = "Ashli Rankin";
				TargetAttributes = {
					2E4A3E8E2208D2C800988116 = {
						CreatedOnToolsVersion = 10.1;
					};
				};
			};
			buildConfigurationList = 2E4A3E8A2208D2C800988116 /* Build configuration list for PBXProject "PerfectlyCreated" */;
			compatibilityVersion = "Xcode 9.3";
			developmentRegion = en;
			hasScannedForEncodings = 0;
			knownRegions = (
				en,
				Base,
			);
			mainGroup = 2E4A3E862208D2C800988116;
			productRefGroup = 2E4A3E902208D2C800988116 /* Products */;
			projectDirPath = "";
			projectRoot = "";
			targets = (
				2E4A3E8E2208D2C800988116 /* PerfectlyCreated */,
			);
		};
/* End PBXProject section */

/* Begin PBXResourcesBuildPhase section */
		2E4A3E8D2208D2C800988116 /* Resources */ = {
			isa = PBXResourcesBuildPhase;
			buildActionMask = 2147483647;
			files = (
				5B5ED21B23538100000227D1 /* Feeds.storyboard in Resources */,
				2E0FFC48254DB8B50020D9DC /* BarcodeScannerViewController.xib in Resources */,
				2E0FFB8F254D1D750020D9DC /* SF-Pro-Rounded-Light.otf in Resources */,
				2EAE6850254F732D00BE0E1E /* AboutProductCollectionViewCell.xib in Resources */,
				2E0FFB45254D13190020D9DC /* GoogleService-Info.plist in Resources */,
				2E0FFB91254D1D750020D9DC /* SF-Pro-Rounded-Medium.otf in Resources */,
				2EED896722284C9E00ADDEBD /* ProfileOptions.storyboard in Resources */,
				2E0FFB92254D1D750020D9DC /* SF-Pro-Rounded-Ultralight.otf in Resources */,
				2EAE685A254F86FE00BE0E1E /* AdditionalCollectionReusableView.xib in Resources */,
				2EF32CDD22175881006E2B1F /* hairProducts.json in Resources */,
				2E4A3E9D2208D2CB00988116 /* LaunchScreen.storyboard in Resources */,
				2E0FFB8D254D1D750020D9DC /* SF-Pro-Rounded-Regular.otf in Resources */,
				2E07D20D25588E700029FB36 /* NotesCollectionViewCell.xib in Resources */,
				2E0FFB94254D1D750020D9DC /* SF-Pro-Rounded-Bold.otf in Resources */,
				2E110A842550F203001ADACD /* CompletedCollectionViewCell.xib in Resources */,
				2E0FFD00254DCE060020D9DC /* ProductViewController.storyboard in Resources */,
				2EAE684B254F389600BE0E1E /* CategorySectionHeaderCollectionReusableView.xib in Resources */,
				2E0FFB8C254D1D750020D9DC /* SF-Pro-Rounded-Semibold.otf in Resources */,
				2EAE683C254E5F7E00BE0E1E /* ProductDetailViewController.storyboard in Resources */,
				2E0FFBC3254D9D6D0020D9DC /* SignupViewController.storyboard in Resources */,
				2E0FFB90254D1D750020D9DC /* SF-Pro-Rounded-Thin.otf in Resources */,
				2EAE6836254DE36300BE0E1E /* SearchProductViewController.storyboard in Resources */,
				2E4A3E9A2208D2CB00988116 /* Assets.xcassets in Resources */,
				2E0FFB93254D1D750020D9DC /* SF-Pro-Rounded-Heavy.otf in Resources */,
				2E0FFD06254DCFD90020D9DC /* ProductCollectionViewCell.xib in Resources */,
				2E0FFB8E254D1D750020D9DC /* SF-Pro-Rounded-Black.otf in Resources */,
			);
			runOnlyForDeploymentPostprocessing = 0;
		};
/* End PBXResourcesBuildPhase section */

/* Begin PBXShellScriptBuildPhase section */
		69ADB6DC5F3DE97926C4D582 /* [CP] Check Pods Manifest.lock */ = {
			isa = PBXShellScriptBuildPhase;
			buildActionMask = 2147483647;
			files = (
			);
			inputFileListPaths = (
			);
			inputPaths = (
				"${PODS_PODFILE_DIR_PATH}/Podfile.lock",
				"${PODS_ROOT}/Manifest.lock",
			);
			name = "[CP] Check Pods Manifest.lock";
			outputFileListPaths = (
			);
			outputPaths = (
				"$(DERIVED_FILE_DIR)/Pods-PerfectlyCreated-checkManifestLockResult.txt",
			);
			runOnlyForDeploymentPostprocessing = 0;
			shellPath = /bin/sh;
			shellScript = "diff \"${PODS_PODFILE_DIR_PATH}/Podfile.lock\" \"${PODS_ROOT}/Manifest.lock\" > /dev/null\nif [ $? != 0 ] ; then\n    # print error to STDERR\n    echo \"error: The sandbox is not in sync with the Podfile.lock. Run 'pod install' or update your CocoaPods installation.\" >&2\n    exit 1\nfi\n# This output is used by Xcode 'outputs' to avoid re-running this script phase.\necho \"SUCCESS\" > \"${SCRIPT_OUTPUT_FILE_0}\"\n";
			showEnvVarsInLog = 0;
		};
		9AFA7477CAD85CD806847075 /* [CP] Embed Pods Frameworks */ = {
			isa = PBXShellScriptBuildPhase;
			buildActionMask = 2147483647;
			files = (
			);
			inputFileListPaths = (
				"${PODS_ROOT}/Target Support Files/Pods-PerfectlyCreated/Pods-PerfectlyCreated-frameworks-${CONFIGURATION}-input-files.xcfilelist",
			);
			name = "[CP] Embed Pods Frameworks";
			outputFileListPaths = (
				"${PODS_ROOT}/Target Support Files/Pods-PerfectlyCreated/Pods-PerfectlyCreated-frameworks-${CONFIGURATION}-output-files.xcfilelist",
			);
			runOnlyForDeploymentPostprocessing = 0;
			shellPath = /bin/sh;
			shellScript = "\"${PODS_ROOT}/Target Support Files/Pods-PerfectlyCreated/Pods-PerfectlyCreated-frameworks.sh\"\n";
			showEnvVarsInLog = 0;
		};
/* End PBXShellScriptBuildPhase section */

/* Begin PBXSourcesBuildPhase section */
		2E4A3E8B2208D2C800988116 /* Sources */ = {
			isa = PBXSourcesBuildPhase;
			buildActionMask = 2147483647;
			files = (
				2E98478C221D5D4400204A42 /* ProductDisplayCell.swift in Sources */,
				2E997F96221B0E2800730ED7 /* NetworkHelper.swift in Sources */,
				2E997FAA221B99A300730ED7 /* DateExtension.swift in Sources */,
				2E0FFC42254DB5800020D9DC /* BarcodeScannerController.swift in Sources */,
				2EAE684A254F389600BE0E1E /* CategorySectionHeaderCollectionReusableView.swift in Sources */,
				2EA365B7220A64E700FFDC5E /* LoginViewController.swift in Sources */,
				2EDB0E51222E1FCB006DB8EE /* PostFeedViewController.swift in Sources */,
				2E997F9A221B0FCF00730ED7 /* AppError.swift in Sources */,
				2E0FFBC5254D9D720020D9DC /* SignupViewController.swift in Sources */,
				2E04A4B6221A76620066568E /* PopUpView.swift in Sources */,
				2E063E6F220B78DC00D85406 /* FeedsCollectionViewCell.swift in Sources */,
				2E4A3EAC2208D5D900988116 /* SignUpView.swift in Sources */,
				2E997F9E221B18AA00730ED7 /* HairProductModel.swift in Sources */,
				2E063E69220B629A00D85406 /* ProfileCollectionViewCell.swift in Sources */,
				2EAE6839254E5F7200BE0E1E /* ProductDetailViewController.swift in Sources */,
				2EA365A8220A2F0400FFDC5E /* UserModel.swift in Sources */,
				2EDB0E4D222DC49C006DB8EE /* ImageViewControllerExtension.swift in Sources */,
				2E997FA2221B200D00730ED7 /* HairProductView.swift in Sources */,
				2E997FAC221BB5BE00730ED7 /* ProductCell.swift in Sources */,
				2EAE6846254F0B9C00BE0E1E /* UserManager.swift in Sources */,
				2EAE6859254F86FE00BE0E1E /* AdditionalCollectionReusableView.swift in Sources */,
				2E0FFC5E254DBD860020D9DC /* VideoSessionController.swift in Sources */,
				2EAF931125854B4300D28BAC /* UIView+IBInspectable.swift in Sources */,
				2EB2A1822225B29700525BD4 /* SetUpProfileView.swift in Sources */,
				2E7946DF220CFABE00219B6A /* RatingViewController.swift in Sources */,
				2EDB0E4F222E1014006DB8EE /* FeedModel.swift in Sources */,
				2EA365B1220A598D00FFDC5E /* PerfectlyCraftedTabBarViewController.swift in Sources */,
				2E997FA0221B1EFD00730ED7 /* ShowProductViewController.swift in Sources */,
				2EED896922284DED00ADDEBD /* HairProductsTableViewController.swift in Sources */,
				2EC7B543223173AC00D165B1 /* SettingsTableViewController.swift in Sources */,
				2E4A3EB02208E7A200988116 /* SignUpViewForm.swift in Sources */,
				2E997F94221B0E1600730ED7 /* HairProductDatabaseApiCleient.swift in Sources */,
				2E997F98221B0E4700730ED7 /* Extension+Alerts.swift in Sources */,
				2E04A4B4221A76460066568E /* PopUpViewController.swift in Sources */,
				2E0FFC47254DB8B50020D9DC /* BarcodeScannerViewController.swift in Sources */,
				2E0FFD3B254DDD260020D9DC /* SearchProductViewController.swift in Sources */,
				2E0FFB41254D0DE90020D9DC /* FeedsCollectionViewDataSource.swift in Sources */,
				2EED896D2229993700ADDEBD /* ProductModel.swift in Sources */,
				2E063E6D220B77C500D85406 /* FeedsView.swift in Sources */,
				2EB2A1A922272DEF00525BD4 /* StorageKeys.swift in Sources */,
				2EF31070256F1BF90021EB58 /* AccountCreationValidator.swift in Sources */,
				2E57C3CA220E506C00C89FFC /* CreateView.swift in Sources */,
				2E98478A221D57D600204A42 /* SearchView.swift in Sources */,
				2E0FFD05254DCFD90020D9DC /* ProductCollectionViewCell.swift in Sources */,
				2E7946E1220CFB8700219B6A /* RatingView.swift in Sources */,
				2EB2A1A52227077800525BD4 /* FirebaseCollectionKeys.swift in Sources */,
				2E997FA8221B751300730ED7 /* OtherOptionsCell.swift in Sources */,
				2EAE6854254F7AB400BE0E1E /* NSCoding+Nib.swift in Sources */,
				2EAE684F254F732D00BE0E1E /* AboutProductCollectionViewCell.swift in Sources */,
				2EA365B5220A59B900FFDC5E /* FeedsViewController.swift in Sources */,
				2E063E67220B5E9C00D85406 /* ProfileView.swift in Sources */,
				2EB2A1802225B27B00525BD4 /* SetProfileViewController.swift in Sources */,
				2E110A832550F203001ADACD /* CompletedCollectionViewCell.swift in Sources */,
				2EA365B3220A59A900FFDC5E /* ProfileViewController.swift in Sources */,
				2E07D20C25588E700029FB36 /* NotesCollectionViewCell.swift in Sources */,
				2E7946A1220C816D00219B6A /* RatingCollectionViewCell.swift in Sources */,
				2EB2A1A722272CC300525BD4 /* StorageManager.swift in Sources */,
				2EDB0E4B222DC230006DB8EE /* HairTableViewCell.swift in Sources */,
				2E6359122224F8A30053BBD9 /* DatabaseManager.swift in Sources */,
				2E997F9C221B0FFD00730ED7 /* ImageCache.swift in Sources */,
				2E4A3E932208D2C800988116 /* AppDelegate.swift in Sources */,
				2E0FFCFC254DCDE60020D9DC /* ProductViewController.swift in Sources */,
				2EA365B9220A678200FFDC5E /* LoginView.swift in Sources */,
				2EAF931C2585556900D28BAC /* UINavigationBar+Appearance.swift in Sources */,
				2EA365BB220A760800FFDC5E /* UserSession.swift in Sources */,
				2EAE6841254F04AF00BE0E1E /* ProductManager.swift in Sources */,
				2E63590E2224A2CD0053BBD9 /* ProductDataManager.swift in Sources */,
				2EC7B5472231911700D165B1 /* EditProfileView.swift in Sources */,
				2EA365AA220A300C00FFDC5E /* PersistanceManager.swift in Sources */,
			);
			runOnlyForDeploymentPostprocessing = 0;
		};
/* End PBXSourcesBuildPhase section */

/* Begin PBXVariantGroup section */
		2E4A3E9B2208D2CB00988116 /* LaunchScreen.storyboard */ = {
			isa = PBXVariantGroup;
			children = (
				2E4A3E9C2208D2CB00988116 /* Base */,
			);
			name = LaunchScreen.storyboard;
			sourceTree = "<group>";
		};
/* End PBXVariantGroup section */

/* Begin XCBuildConfiguration section */
		2E4A3E9F2208D2CB00988116 /* Debug */ = {
			isa = XCBuildConfiguration;
			buildSettings = {
				ALWAYS_SEARCH_USER_PATHS = NO;
				CLANG_ANALYZER_NONNULL = YES;
				CLANG_ANALYZER_NUMBER_OBJECT_CONVERSION = YES_AGGRESSIVE;
				CLANG_CXX_LANGUAGE_STANDARD = "gnu++14";
				CLANG_CXX_LIBRARY = "libc++";
				CLANG_ENABLE_MODULES = YES;
				CLANG_ENABLE_OBJC_ARC = YES;
				CLANG_ENABLE_OBJC_WEAK = YES;
				CLANG_WARN_BLOCK_CAPTURE_AUTORELEASING = YES;
				CLANG_WARN_BOOL_CONVERSION = YES;
				CLANG_WARN_COMMA = YES;
				CLANG_WARN_CONSTANT_CONVERSION = YES;
				CLANG_WARN_DEPRECATED_OBJC_IMPLEMENTATIONS = YES;
				CLANG_WARN_DIRECT_OBJC_ISA_USAGE = YES_ERROR;
				CLANG_WARN_DOCUMENTATION_COMMENTS = YES;
				CLANG_WARN_EMPTY_BODY = YES;
				CLANG_WARN_ENUM_CONVERSION = YES;
				CLANG_WARN_INFINITE_RECURSION = YES;
				CLANG_WARN_INT_CONVERSION = YES;
				CLANG_WARN_NON_LITERAL_NULL_CONVERSION = YES;
				CLANG_WARN_OBJC_IMPLICIT_RETAIN_SELF = YES;
				CLANG_WARN_OBJC_LITERAL_CONVERSION = YES;
				CLANG_WARN_OBJC_ROOT_CLASS = YES_ERROR;
				CLANG_WARN_RANGE_LOOP_ANALYSIS = YES;
				CLANG_WARN_STRICT_PROTOTYPES = YES;
				CLANG_WARN_SUSPICIOUS_MOVE = YES;
				CLANG_WARN_UNGUARDED_AVAILABILITY = YES_AGGRESSIVE;
				CLANG_WARN_UNREACHABLE_CODE = YES;
				CLANG_WARN__DUPLICATE_METHOD_MATCH = YES;
				CODE_SIGN_IDENTITY = "iPhone Developer";
				COPY_PHASE_STRIP = NO;
				DEBUG_INFORMATION_FORMAT = dwarf;
				ENABLE_STRICT_OBJC_MSGSEND = YES;
				ENABLE_TESTABILITY = YES;
				GCC_C_LANGUAGE_STANDARD = gnu11;
				GCC_DYNAMIC_NO_PIC = NO;
				GCC_NO_COMMON_BLOCKS = YES;
				GCC_OPTIMIZATION_LEVEL = 0;
				GCC_PREPROCESSOR_DEFINITIONS = (
					"DEBUG=1",
					"$(inherited)",
				);
				GCC_WARN_64_TO_32_BIT_CONVERSION = YES;
				GCC_WARN_ABOUT_RETURN_TYPE = YES_ERROR;
				GCC_WARN_UNDECLARED_SELECTOR = YES;
				GCC_WARN_UNINITIALIZED_AUTOS = YES_AGGRESSIVE;
				GCC_WARN_UNUSED_FUNCTION = YES;
				GCC_WARN_UNUSED_VARIABLE = YES;
				IPHONEOS_DEPLOYMENT_TARGET = 12.1;
				MTL_ENABLE_DEBUG_INFO = INCLUDE_SOURCE;
				MTL_FAST_MATH = YES;
				ONLY_ACTIVE_ARCH = YES;
				SDKROOT = iphoneos;
				SWIFT_ACTIVE_COMPILATION_CONDITIONS = DEBUG;
				SWIFT_OPTIMIZATION_LEVEL = "-Onone";
			};
			name = Debug;
		};
		2E4A3EA02208D2CB00988116 /* Release */ = {
			isa = XCBuildConfiguration;
			buildSettings = {
				ALWAYS_SEARCH_USER_PATHS = NO;
				CLANG_ANALYZER_NONNULL = YES;
				CLANG_ANALYZER_NUMBER_OBJECT_CONVERSION = YES_AGGRESSIVE;
				CLANG_CXX_LANGUAGE_STANDARD = "gnu++14";
				CLANG_CXX_LIBRARY = "libc++";
				CLANG_ENABLE_MODULES = YES;
				CLANG_ENABLE_OBJC_ARC = YES;
				CLANG_ENABLE_OBJC_WEAK = YES;
				CLANG_WARN_BLOCK_CAPTURE_AUTORELEASING = YES;
				CLANG_WARN_BOOL_CONVERSION = YES;
				CLANG_WARN_COMMA = YES;
				CLANG_WARN_CONSTANT_CONVERSION = YES;
				CLANG_WARN_DEPRECATED_OBJC_IMPLEMENTATIONS = YES;
				CLANG_WARN_DIRECT_OBJC_ISA_USAGE = YES_ERROR;
				CLANG_WARN_DOCUMENTATION_COMMENTS = YES;
				CLANG_WARN_EMPTY_BODY = YES;
				CLANG_WARN_ENUM_CONVERSION = YES;
				CLANG_WARN_INFINITE_RECURSION = YES;
				CLANG_WARN_INT_CONVERSION = YES;
				CLANG_WARN_NON_LITERAL_NULL_CONVERSION = YES;
				CLANG_WARN_OBJC_IMPLICIT_RETAIN_SELF = YES;
				CLANG_WARN_OBJC_LITERAL_CONVERSION = YES;
				CLANG_WARN_OBJC_ROOT_CLASS = YES_ERROR;
				CLANG_WARN_RANGE_LOOP_ANALYSIS = YES;
				CLANG_WARN_STRICT_PROTOTYPES = YES;
				CLANG_WARN_SUSPICIOUS_MOVE = YES;
				CLANG_WARN_UNGUARDED_AVAILABILITY = YES_AGGRESSIVE;
				CLANG_WARN_UNREACHABLE_CODE = YES;
				CLANG_WARN__DUPLICATE_METHOD_MATCH = YES;
				CODE_SIGN_IDENTITY = "iPhone Developer";
				COPY_PHASE_STRIP = NO;
				DEBUG_INFORMATION_FORMAT = "dwarf-with-dsym";
				ENABLE_NS_ASSERTIONS = NO;
				ENABLE_STRICT_OBJC_MSGSEND = YES;
				GCC_C_LANGUAGE_STANDARD = gnu11;
				GCC_NO_COMMON_BLOCKS = YES;
				GCC_WARN_64_TO_32_BIT_CONVERSION = YES;
				GCC_WARN_ABOUT_RETURN_TYPE = YES_ERROR;
				GCC_WARN_UNDECLARED_SELECTOR = YES;
				GCC_WARN_UNINITIALIZED_AUTOS = YES_AGGRESSIVE;
				GCC_WARN_UNUSED_FUNCTION = YES;
				GCC_WARN_UNUSED_VARIABLE = YES;
				IPHONEOS_DEPLOYMENT_TARGET = 12.1;
				MTL_ENABLE_DEBUG_INFO = NO;
				MTL_FAST_MATH = YES;
				SDKROOT = iphoneos;
				SWIFT_COMPILATION_MODE = wholemodule;
				SWIFT_OPTIMIZATION_LEVEL = "-O";
				VALIDATE_PRODUCT = YES;
			};
			name = Release;
		};
		2E4A3EA22208D2CB00988116 /* Debug */ = {
			isa = XCBuildConfiguration;
			baseConfigurationReference = 17697D8B626CFCCB7AB75DE0 /* Pods-PerfectlyCreated.debug.xcconfig */;
			buildSettings = {
				ASSETCATALOG_COMPILER_APPICON_NAME = AppIcon;
				CODE_SIGN_STYLE = Automatic;
				DEVELOPMENT_TEAM = ASLRJLYD2S;
				INFOPLIST_FILE = PerfectlyCreated/Info.plist;
				IPHONEOS_DEPLOYMENT_TARGET = 13.0;
				LD_RUNPATH_SEARCH_PATHS = (
					"$(inherited)",
					"@executable_path/Frameworks",
				);
				PRODUCT_BUNDLE_IDENTIFIER = com.wmn4future.PerfectlyCreated;
				PRODUCT_NAME = PerfectlyCreated;
				SWIFT_VERSION = 4.2;
				TARGETED_DEVICE_FAMILY = 1;
			};
			name = Debug;
		};
		2E4A3EA32208D2CB00988116 /* Release */ = {
			isa = XCBuildConfiguration;
			baseConfigurationReference = 06912C24DED2D80CF20857C7 /* Pods-PerfectlyCreated.release.xcconfig */;
			buildSettings = {
				ASSETCATALOG_COMPILER_APPICON_NAME = AppIcon;
				CODE_SIGN_STYLE = Automatic;
				DEVELOPMENT_TEAM = ASLRJLYD2S;
				INFOPLIST_FILE = PerfectlyCreated/Info.plist;
				IPHONEOS_DEPLOYMENT_TARGET = 13.0;
				LD_RUNPATH_SEARCH_PATHS = (
					"$(inherited)",
					"@executable_path/Frameworks",
				);
				PRODUCT_BUNDLE_IDENTIFIER = com.wmn4future.PerfectlyCreated;
				PRODUCT_NAME = PerfectlyCreated;
				SWIFT_VERSION = 4.2;
				TARGETED_DEVICE_FAMILY = 1;
			};
			name = Release;
		};
/* End XCBuildConfiguration section */

/* Begin XCConfigurationList section */
		2E4A3E8A2208D2C800988116 /* Build configuration list for PBXProject "PerfectlyCreated" */ = {
			isa = XCConfigurationList;
			buildConfigurations = (
				2E4A3E9F2208D2CB00988116 /* Debug */,
				2E4A3EA02208D2CB00988116 /* Release */,
			);
			defaultConfigurationIsVisible = 0;
			defaultConfigurationName = Release;
		};
		2E4A3EA12208D2CB00988116 /* Build configuration list for PBXNativeTarget "PerfectlyCreated" */ = {
			isa = XCConfigurationList;
			buildConfigurations = (
				2E4A3EA22208D2CB00988116 /* Debug */,
				2E4A3EA32208D2CB00988116 /* Release */,
			);
			defaultConfigurationIsVisible = 0;
			defaultConfigurationName = Release;
		};
/* End XCConfigurationList section */
	};
	rootObject = 2E4A3E872208D2C800988116 /* Project object */;
}
